// !$*UTF8*$!
{
	archiveVersion = 1;
	classes = {
	};
	objectVersion = 46;
	objects = {

/* Begin PBXBuildFile section */
		00568E39A5B796208DB7829C3C7F18B6 /* GPBExtensionRegistry.m in Sources */ = {isa = PBXBuildFile; fileRef = 463A1FB3236B82AB6B8753402C61359B /* GPBExtensionRegistry.m */; settings = {COMPILER_FLAGS = "-fno-objc-arc"; }; };
		032388C5C7E7D1C5AD327E94D53B9275 /* FieldMask.pbobjc.h in Headers */ = {isa = PBXBuildFile; fileRef = A92D5BE2EB4F6003AC3488E00AB4EEBF /* FieldMask.pbobjc.h */; settings = {ATTRIBUTES = (Public, ); }; };
		0750C3F3291A326B5276B4B9EABB7B0F /* Pods-Calminder-umbrella.h in Headers */ = {isa = PBXBuildFile; fileRef = FE2476872B43941F3FE2E6256AF62E20 /* Pods-Calminder-umbrella.h */; settings = {ATTRIBUTES = (Public, ); }; };
		0B8BC4712DBE3A72F948234D4A50AFAB /* GPBDictionary.h in Headers */ = {isa = PBXBuildFile; fileRef = E0D0621D8E6939A02FF962A484B4F5B6 /* GPBDictionary.h */; settings = {ATTRIBUTES = (Public, ); }; };
		0CFF06C0208444F969A6373C3FE9FDDB /* GPBUnknownField.h in Headers */ = {isa = PBXBuildFile; fileRef = 740F5106E23612D863B9A86069D897C1 /* GPBUnknownField.h */; settings = {ATTRIBUTES = (Public, ); }; };
		0D24809D0413CBEDD17407560CCF9140 /* Timestamp.pbobjc.h in Headers */ = {isa = PBXBuildFile; fileRef = E798F49F821DFABAB7A59EABDAAB6397 /* Timestamp.pbobjc.h */; settings = {ATTRIBUTES = (Public, ); }; };
		0D58E01099A31F80FC1F88AB57D86DF2 /* GPBDescriptor_PackagePrivate.h in Headers */ = {isa = PBXBuildFile; fileRef = 5A3056AA9BFEFD5313D07AADBE23E1DE /* GPBDescriptor_PackagePrivate.h */; settings = {ATTRIBUTES = (Public, ); }; };
		0F0523333DAD3B770FB5EE61A69C5043 /* GPBExtensionRegistry.h in Headers */ = {isa = PBXBuildFile; fileRef = 61F5AB86AA127D5DCC3998D2362122F3 /* GPBExtensionRegistry.h */; settings = {ATTRIBUTES = (Public, ); }; };
		0F5E0E44DB12F0F1D18C24EAF78F5141 /* Pods-CalminderUITests-dummy.m in Sources */ = {isa = PBXBuildFile; fileRef = 5CC35A6D43DE500E6471B6AF18B207E9 /* Pods-CalminderUITests-dummy.m */; };
		0FF8F27F896850DB2973C4E26EC1F7EE /* GTMLogger.h in Headers */ = {isa = PBXBuildFile; fileRef = 978D611A236AB0CE6494F377FF3075C3 /* GTMLogger.h */; settings = {ATTRIBUTES = (Public, ); }; };
		1189A700F456F91F9AC964725D0272A9 /* GPBDescriptor.h in Headers */ = {isa = PBXBuildFile; fileRef = 87A75FFFC95181DC6D5D2594A4A265C1 /* GPBDescriptor.h */; settings = {ATTRIBUTES = (Public, ); }; };
		1BFB5C28274F7DF0FD9CE9461E1F8E74 /* GPBCodedOutputStream_PackagePrivate.h in Headers */ = {isa = PBXBuildFile; fileRef = F183585C387D3BBA96295A1B062DB185 /* GPBCodedOutputStream_PackagePrivate.h */; settings = {ATTRIBUTES = (Public, ); }; };
		1CF97649D5FE265FB08413B741B4319C /* Any.pbobjc.h in Headers */ = {isa = PBXBuildFile; fileRef = 8E618EF489E1525782DEB140B4805DDF /* Any.pbobjc.h */; settings = {ATTRIBUTES = (Public, ); }; };
		20C72A58E22FC9FBA8DADFA3C78367FB /* GPBRootObject_PackagePrivate.h in Headers */ = {isa = PBXBuildFile; fileRef = 4CF577E8D90680852A52D54FA65D6853 /* GPBRootObject_PackagePrivate.h */; settings = {ATTRIBUTES = (Public, ); }; };
		2210A1C34F62D71F8CD93D70F3312B68 /* GPBExtensionInternals.m in Sources */ = {isa = PBXBuildFile; fileRef = EB7066835F82372A1644D3AA8D9C45D6 /* GPBExtensionInternals.m */; settings = {COMPILER_FLAGS = "-fno-objc-arc"; }; };
		226570C8F7719BA5A35A294CFBC9F119 /* Wrappers.pbobjc.m in Sources */ = {isa = PBXBuildFile; fileRef = 98B7578F9E79EB9128176F593694FF67 /* Wrappers.pbobjc.m */; settings = {COMPILER_FLAGS = "-fno-objc-arc"; }; };
		252835D4E12C449ACE6D253094FF1CB8 /* GPBUtilities.h in Headers */ = {isa = PBXBuildFile; fileRef = F3011C7137655AA00FE9A8767E91EE5A /* GPBUtilities.h */; settings = {ATTRIBUTES = (Public, ); }; };
		2EF16DE88A81DBD8B3BE9F116780B09D /* Struct.pbobjc.m in Sources */ = {isa = PBXBuildFile; fileRef = 7F8873283EEFC3D6B0496B2125F10FF3 /* Struct.pbobjc.m */; settings = {COMPILER_FLAGS = "-fno-objc-arc"; }; };
		33F763F6DF430416CEDA3B4C58C37582 /* GPBCodedOutputStream.h in Headers */ = {isa = PBXBuildFile; fileRef = BE24BDC3FB7F69564354055EE576EC64 /* GPBCodedOutputStream.h */; settings = {ATTRIBUTES = (Public, ); }; };
		340CF56FBF089F4BA0A1EAC18D29342F /* Protobuf-dummy.m in Sources */ = {isa = PBXBuildFile; fileRef = 320FE4C124F9016940949FD44A884E1C /* Protobuf-dummy.m */; };
		362991FF8AB205F6C49C3F7CABB04A04 /* GPBCodedInputStream.m in Sources */ = {isa = PBXBuildFile; fileRef = CECA2B7990DC6314B6899F4F9B3D68C0 /* GPBCodedInputStream.m */; settings = {COMPILER_FLAGS = "-fno-objc-arc"; }; };
		3B0F6D82C927591299AA9A1439DD4259 /* GPBExtensionInternals.h in Headers */ = {isa = PBXBuildFile; fileRef = 1B6E2B0A33DB4269D45956F2CC46959D /* GPBExtensionInternals.h */; settings = {ATTRIBUTES = (Public, ); }; };
		3E3B4CF239527A39CD308EBA9676FD8F /* GTMDefines.h in Headers */ = {isa = PBXBuildFile; fileRef = DC9DFE154342BE29730A6C607DC263B2 /* GTMDefines.h */; settings = {ATTRIBUTES = (Public, ); }; };
		4959B7A960EC710625AEC6850D136325 /* GPBUnknownField.m in Sources */ = {isa = PBXBuildFile; fileRef = FAF9F02EA2FFAAE3C1131C5611BC7721 /* GPBUnknownField.m */; settings = {COMPILER_FLAGS = "-fno-objc-arc"; }; };
		4C422FE2BDC15661ED1B74E908767B87 /* GPBUtilities.m in Sources */ = {isa = PBXBuildFile; fileRef = 4C7E1787406A3AC7F2E200CBA5A0CB91 /* GPBUtilities.m */; settings = {COMPILER_FLAGS = "-fno-objc-arc"; }; };
		4CFAC636F793E5D8F3C118F19A902A1C /* Wrappers.pbobjc.h in Headers */ = {isa = PBXBuildFile; fileRef = 8186D829D4BE882FE78A4FBAFE71DE99 /* Wrappers.pbobjc.h */; settings = {ATTRIBUTES = (Public, ); }; };
		4F42CF01B4A91C26A76DDAE5CE3FAA53 /* GPBRootObject.m in Sources */ = {isa = PBXBuildFile; fileRef = FA18425413C3E4486948DD45007DEB2A /* GPBRootObject.m */; settings = {COMPILER_FLAGS = "-fno-objc-arc"; }; };
		4F58D353F28C8D9253411BA01A0023C2 /* Any.pbobjc.m in Sources */ = {isa = PBXBuildFile; fileRef = 408B065F021DB8123AA189402D049D7E /* Any.pbobjc.m */; settings = {COMPILER_FLAGS = "-fno-objc-arc"; }; };
		554FEFCBC7B4F81FA40B1CBE88760112 /* Foundation.framework in Frameworks */ = {isa = PBXBuildFile; fileRef = 6604A7D69453B4569E4E4827FB9155A9 /* Foundation.framework */; };
		5BA2C0013F995D02032DA5D2E1355A3D /* GPBCodedOutputStream.m in Sources */ = {isa = PBXBuildFile; fileRef = C6768ADED75D48B59537AA289E0CE3F6 /* GPBCodedOutputStream.m */; settings = {COMPILER_FLAGS = "-fno-objc-arc"; }; };
		625982189FED4B7EC3286230C4235B2B /* GPBMessage_PackagePrivate.h in Headers */ = {isa = PBXBuildFile; fileRef = 0E80731692827D784465D24E8B40672B /* GPBMessage_PackagePrivate.h */; settings = {ATTRIBUTES = (Public, ); }; };
		64418457D16D9A2F28F496AC75FC7DBD /* GoogleToolboxForMac-dummy.m in Sources */ = {isa = PBXBuildFile; fileRef = 220CD7204836E1102D0A7012E525B61C /* GoogleToolboxForMac-dummy.m */; };
		678A7856C1037FFD8D2FFED8AEE64BD5 /* Duration.pbobjc.h in Headers */ = {isa = PBXBuildFile; fileRef = C78E273A11434AF6A3C0489D0C3D8AEB /* Duration.pbobjc.h */; settings = {ATTRIBUTES = (Public, ); }; };
		67D27677F2250513BD1FAE692BC2E184 /* Duration.pbobjc.m in Sources */ = {isa = PBXBuildFile; fileRef = 1A89906F03CD0FD0E7D9FFC8A2ECAAB8 /* Duration.pbobjc.m */; settings = {COMPILER_FLAGS = "-fno-objc-arc"; }; };
		67F79C28BC6104E05758D82770FCD4F6 /* GPBMessage.m in Sources */ = {isa = PBXBuildFile; fileRef = 936B37FDC87A08FE761AB47AC268FD93 /* GPBMessage.m */; settings = {COMPILER_FLAGS = "-fno-objc-arc"; }; };
		695A81DC8BE028E836E26470C80271AE /* Pods-CalminderTests-dummy.m in Sources */ = {isa = PBXBuildFile; fileRef = C9DA85259BEC4E1B0BF01B16A95A8BD1 /* Pods-CalminderTests-dummy.m */; };
		7108112E7B580423ED4611DF5E237E88 /* Pods-CalminderTests-umbrella.h in Headers */ = {isa = PBXBuildFile; fileRef = 7745655618FD34619FC95FE03F7E7A7D /* Pods-CalminderTests-umbrella.h */; settings = {ATTRIBUTES = (Public, ); }; };
		71844B28475B6F90C999698F32C4B2D8 /* Api.pbobjc.m in Sources */ = {isa = PBXBuildFile; fileRef = 9970E3C86A8EB5AE3AA57567E1E987FB /* Api.pbobjc.m */; settings = {COMPILER_FLAGS = "-fno-objc-arc"; }; };
		755F55A7D577254B73EA7FEABA8E98E0 /* GTMNSData+zlib.h in Headers */ = {isa = PBXBuildFile; fileRef = 29778325BB73E6EB808F281DC1DE82D7 /* GTMNSData+zlib.h */; settings = {ATTRIBUTES = (Public, ); }; };
		75961F965C8E18207132D0964197615C /* GPBWireFormat.m in Sources */ = {isa = PBXBuildFile; fileRef = 8F39744FD72E66F088C8F8A39CDB7CA3 /* GPBWireFormat.m */; settings = {COMPILER_FLAGS = "-fno-objc-arc"; }; };
		75A71ED681116AD804872F7A03C7F106 /* GPBArray_PackagePrivate.h in Headers */ = {isa = PBXBuildFile; fileRef = E9910F3942CA2DEB7DC85F96E136B30F /* GPBArray_PackagePrivate.h */; settings = {ATTRIBUTES = (Public, ); }; };
		7782104DF21457BB6078FF689815C2A0 /* GPBCodedInputStream.h in Headers */ = {isa = PBXBuildFile; fileRef = A3903268A7DAE5046F1ADF7A2DE25D5C /* GPBCodedInputStream.h */; settings = {ATTRIBUTES = (Public, ); }; };
		79258866C70C719D151F5A6117E2D961 /* GPBUnknownFieldSet.h in Headers */ = {isa = PBXBuildFile; fileRef = 2D65F07335A8D7423FD139E059152473 /* GPBUnknownFieldSet.h */; settings = {ATTRIBUTES = (Public, ); }; };
		7A866F550CD81E489D699D6F44DED63B /* Pods-Calminder-dummy.m in Sources */ = {isa = PBXBuildFile; fileRef = 5968A3D5D9ABE956C82C573B88307DD9 /* Pods-Calminder-dummy.m */; };
		7B75AB2B5E502699F5CB5304E0711BD4 /* GPBUnknownFieldSet.m in Sources */ = {isa = PBXBuildFile; fileRef = 02E10044B408A15E045668856E90315F /* GPBUnknownFieldSet.m */; settings = {COMPILER_FLAGS = "-fno-objc-arc"; }; };
		7DD2A8999A0DA0EBA184CF35FC01E0D3 /* GPBMessage.h in Headers */ = {isa = PBXBuildFile; fileRef = F2832C323660281D4A91BCCF863E0816 /* GPBMessage.h */; settings = {ATTRIBUTES = (Public, ); }; };
		85CA0A5587EE9B89CF8DCECAE1C9F716 /* GPBCodedInputStream_PackagePrivate.h in Headers */ = {isa = PBXBuildFile; fileRef = 01F8D183E3DC02E8592C80191FCF4742 /* GPBCodedInputStream_PackagePrivate.h */; settings = {ATTRIBUTES = (Public, ); }; };
		89C0060909041A5CB625C741B9BE828A /* GPBWellKnownTypes.m in Sources */ = {isa = PBXBuildFile; fileRef = DD45595F088EC115DBB2F8C868BC5ED1 /* GPBWellKnownTypes.m */; settings = {COMPILER_FLAGS = "-fno-objc-arc"; }; };
		8B0636874400109FF84D89BCAAAD7F23 /* Timestamp.pbobjc.m in Sources */ = {isa = PBXBuildFile; fileRef = 5D7DBCA1D9C1B514D8847B3C67736756 /* Timestamp.pbobjc.m */; settings = {COMPILER_FLAGS = "-fno-objc-arc"; }; };
		8BEE0CB9E51955DC7AE5B66CB057F747 /* Type.pbobjc.m in Sources */ = {isa = PBXBuildFile; fileRef = 6F08EEA789D38AB09F35DB6421203F43 /* Type.pbobjc.m */; settings = {COMPILER_FLAGS = "-fno-objc-arc"; }; };
		8FC6E38B68940BA746AF5E788B515555 /* GPBProtocolBuffers_RuntimeSupport.h in Headers */ = {isa = PBXBuildFile; fileRef = BF86A62BAABA55BE1CDA6942ADCA0E7D /* GPBProtocolBuffers_RuntimeSupport.h */; settings = {ATTRIBUTES = (Public, ); }; };
		90D55C038FB82C0965786D9DCBBD2AB4 /* GPBRuntimeTypes.h in Headers */ = {isa = PBXBuildFile; fileRef = EB3E9E1F3D7CFD34A4E2893C09FB1E37 /* GPBRuntimeTypes.h */; settings = {ATTRIBUTES = (Public, ); }; };
		90D9A16896AC29AD8DEAB807B450A3DE /* Type.pbobjc.h in Headers */ = {isa = PBXBuildFile; fileRef = 48B243FF6BA966EE618539FD6CA95091 /* Type.pbobjc.h */; settings = {ATTRIBUTES = (Public, ); }; };
		9101CEA8562055177732244271008BBB /* GTMNSData+zlib.m in Sources */ = {isa = PBXBuildFile; fileRef = 13CFBB37DAFAD0EA5888A759E537C59B /* GTMNSData+zlib.m */; settings = {COMPILER_FLAGS = "-DOS_OBJECT_USE_OBJC=0"; }; };
		AA7646DFFB54880DD08ED3C44838515F /* Empty.pbobjc.m in Sources */ = {isa = PBXBuildFile; fileRef = 01C3316A9818F36FE72CB279EAE91792 /* Empty.pbobjc.m */; settings = {COMPILER_FLAGS = "-fno-objc-arc"; }; };
		AB4F0970071E34D0384341466E0468EF /* GTMLogger.m in Sources */ = {isa = PBXBuildFile; fileRef = 53E64AAB0005786EAC84EA2404DEBBAD /* GTMLogger.m */; settings = {COMPILER_FLAGS = "-fno-objc-arc"; }; };
		B0F8AE656D955635D78920B81552B70B /* GPBWireFormat.h in Headers */ = {isa = PBXBuildFile; fileRef = FDBE0BC9957220E6B538EA8CCC674546 /* GPBWireFormat.h */; settings = {ATTRIBUTES = (Public, ); }; };
		B922952BD2D4C4C2DE419513221DE20A /* Protobuf-umbrella.h in Headers */ = {isa = PBXBuildFile; fileRef = 5EDD6C21EE09737EC9D81C71413EAE91 /* Protobuf-umbrella.h */; settings = {ATTRIBUTES = (Public, ); }; };
		BCA5BFEECEAAAC3C2DF7E8AA8F413842 /* Api.pbobjc.h in Headers */ = {isa = PBXBuildFile; fileRef = 2B8596D8EE2DFC451B080670A7F0F7AB /* Api.pbobjc.h */; settings = {ATTRIBUTES = (Public, ); }; };
		BD8C844F28ADCD8FFFACDEC8DF903260 /* GPBArray.h in Headers */ = {isa = PBXBuildFile; fileRef = BF8D622C2086925A269CE0915F51B8E0 /* GPBArray.h */; settings = {ATTRIBUTES = (Public, ); }; };
		BF166F146077074D31EDEF7DD3B8D7BB /* SourceContext.pbobjc.m in Sources */ = {isa = PBXBuildFile; fileRef = CE9B9D77ED27C511F9743F34D5CF6B65 /* SourceContext.pbobjc.m */; settings = {COMPILER_FLAGS = "-fno-objc-arc"; }; };
		C55DCB056E61CAA8F7F130294E577687 /* Empty.pbobjc.h in Headers */ = {isa = PBXBuildFile; fileRef = 5C924E56F628F41947DF5472DD755ADD /* Empty.pbobjc.h */; settings = {ATTRIBUTES = (Public, ); }; };
		C81442FA392CF0B04817ADA3EF96E332 /* Foundation.framework in Frameworks */ = {isa = PBXBuildFile; fileRef = 6604A7D69453B4569E4E4827FB9155A9 /* Foundation.framework */; };
		C98B421CA97B7B3E6B3375B6010032D6 /* FieldMask.pbobjc.m in Sources */ = {isa = PBXBuildFile; fileRef = 1271ECA7BDDFC24677BDE5BC3E22A328 /* FieldMask.pbobjc.m */; settings = {COMPILER_FLAGS = "-fno-objc-arc"; }; };
		CC7D252703BE0FA6DE4240D63B485589 /* SourceContext.pbobjc.h in Headers */ = {isa = PBXBuildFile; fileRef = 24BA27627CC1C55E3798D203801E53CA /* SourceContext.pbobjc.h */; settings = {ATTRIBUTES = (Public, ); }; };
		CF048B9BB5085481EE00D13001EEDE11 /* Foundation.framework in Frameworks */ = {isa = PBXBuildFile; fileRef = 6604A7D69453B4569E4E4827FB9155A9 /* Foundation.framework */; };
		DA94040DF8554E79D96A86FDDF28F98A /* GPBRootObject.h in Headers */ = {isa = PBXBuildFile; fileRef = 3AE2F1CEFA95B2C6C93024B9BD9BFAA0 /* GPBRootObject.h */; settings = {ATTRIBUTES = (Public, ); }; };
		DBD6EF28BC77DC40707483390A3F72AB /* GPBWellKnownTypes.h in Headers */ = {isa = PBXBuildFile; fileRef = D7A8D4B3A272B4A71DAE7FCC47CCB043 /* GPBWellKnownTypes.h */; settings = {ATTRIBUTES = (Public, ); }; };
		DD6C5BED021B81954B3FB90D38865BB0 /* Struct.pbobjc.h in Headers */ = {isa = PBXBuildFile; fileRef = 9DBB0ECEEAC3CE0801210F80BB59158C /* Struct.pbobjc.h */; settings = {ATTRIBUTES = (Public, ); }; };
		DF3C7EB31BA780C7A1BF014105B8634A /* GPBDescriptor.m in Sources */ = {isa = PBXBuildFile; fileRef = E3148A0CF2DACC17DB416FA66A924AAE /* GPBDescriptor.m */; settings = {COMPILER_FLAGS = "-fno-objc-arc"; }; };
		E354248D70ADC89371F122969A420BE9 /* GPBUnknownFieldSet_PackagePrivate.h in Headers */ = {isa = PBXBuildFile; fileRef = 2289175BC4C1AA86DFD43BA266246BC9 /* GPBUnknownFieldSet_PackagePrivate.h */; settings = {ATTRIBUTES = (Public, ); }; };
		E41F54F4E580FB307C66568A0C0FC0A5 /* GPBDictionary_PackagePrivate.h in Headers */ = {isa = PBXBuildFile; fileRef = 6C2FCC6438DC5B06AB707F5B5DF077DE /* GPBDictionary_PackagePrivate.h */; settings = {ATTRIBUTES = (Public, ); }; };
		EAF9468F34DC4DC649141F59A1CEB2CB /* Foundation.framework in Frameworks */ = {isa = PBXBuildFile; fileRef = 6604A7D69453B4569E4E4827FB9155A9 /* Foundation.framework */; };
		EC560C9718B14B15DDE38E4D2F5DF588 /* GPBArray.m in Sources */ = {isa = PBXBuildFile; fileRef = B5375FC83954F9F15503552BC0A48E89 /* GPBArray.m */; settings = {COMPILER_FLAGS = "-fno-objc-arc"; }; };
		ED66F8BD1D43065D931F2C8890806447 /* GoogleToolboxForMac-umbrella.h in Headers */ = {isa = PBXBuildFile; fileRef = CB878F4899C6EFB9E55612E0ECA6F46A /* GoogleToolboxForMac-umbrella.h */; settings = {ATTRIBUTES = (Public, ); }; };
		EFC5B002111B6015DCFA7AF01DFB6A4D /* GPBUtilities_PackagePrivate.h in Headers */ = {isa = PBXBuildFile; fileRef = 5A09595016CAD5008FCCFC35F72043FA /* GPBUtilities_PackagePrivate.h */; settings = {ATTRIBUTES = (Public, ); }; };
		F19D42B540E63B909794A575A1E5A0D1 /* GPBBootstrap.h in Headers */ = {isa = PBXBuildFile; fileRef = 86356E17B6246E47931C984A268B20F3 /* GPBBootstrap.h */; settings = {ATTRIBUTES = (Public, ); }; };
		F378E6939A1642C6643C55848BDD89CB /* GPBDictionary.m in Sources */ = {isa = PBXBuildFile; fileRef = ED3F10FD7233169D3175A482B2243E30 /* GPBDictionary.m */; settings = {COMPILER_FLAGS = "-fno-objc-arc"; }; };
		F3AB67D17ECB35CC116028523734865C /* GPBUnknownField_PackagePrivate.h in Headers */ = {isa = PBXBuildFile; fileRef = 82DC39AA76B13590472E0EAC068EA636 /* GPBUnknownField_PackagePrivate.h */; settings = {ATTRIBUTES = (Public, ); }; };
		F81F5586E2754E749A36672E2D60D0B9 /* GPBProtocolBuffers.h in Headers */ = {isa = PBXBuildFile; fileRef = BED304007350D1DF98A4B3AC154C494F /* GPBProtocolBuffers.h */; settings = {ATTRIBUTES = (Public, ); }; };
		FC187FBBC34342FE9973E2637D5B1EB4 /* Foundation.framework in Frameworks */ = {isa = PBXBuildFile; fileRef = 6604A7D69453B4569E4E4827FB9155A9 /* Foundation.framework */; };
		FC86C1300A435658C62F5F78D0369109 /* Pods-CalminderUITests-umbrella.h in Headers */ = {isa = PBXBuildFile; fileRef = 45BD866914C863FDFEF3F8B204A0968B /* Pods-CalminderUITests-umbrella.h */; settings = {ATTRIBUTES = (Public, ); }; };
/* End PBXBuildFile section */

/* Begin PBXContainerItemProxy section */
		21EB037CC1B39083977D8B623745264F /* PBXContainerItemProxy */ = {
			isa = PBXContainerItemProxy;
			containerPortal = D41D8CD98F00B204E9800998ECF8427E /* Project object */;
			proxyType = 1;
			remoteGlobalIDString = E72CFA821AF0CF6E6F146413F1DDC414;
			remoteInfo = Protobuf;
		};
		59A72098C0CAE082CEB14AA4F411862D /* PBXContainerItemProxy */ = {
			isa = PBXContainerItemProxy;
			containerPortal = D41D8CD98F00B204E9800998ECF8427E /* Project object */;
			proxyType = 1;
			remoteGlobalIDString = C5B80060FE8C664DF08841000F41D515;
			remoteInfo = GoogleToolboxForMac;
		};
/* End PBXContainerItemProxy section */

/* Begin PBXFileReference section */
		01728ECE04D1E6F0F2534BA30964D48D /* Info.plist */ = {isa = PBXFileReference; includeInIndex = 1; lastKnownFileType = text.plist.xml; path = Info.plist; sourceTree = "<group>"; };
		01C3316A9818F36FE72CB279EAE91792 /* Empty.pbobjc.m */ = {isa = PBXFileReference; includeInIndex = 1; lastKnownFileType = sourcecode.c.objc; name = Empty.pbobjc.m; path = objectivec/google/protobuf/Empty.pbobjc.m; sourceTree = "<group>"; };
		01F8D183E3DC02E8592C80191FCF4742 /* GPBCodedInputStream_PackagePrivate.h */ = {isa = PBXFileReference; includeInIndex = 1; lastKnownFileType = sourcecode.c.h; name = GPBCodedInputStream_PackagePrivate.h; path = objectivec/GPBCodedInputStream_PackagePrivate.h; sourceTree = "<group>"; };
		02E10044B408A15E045668856E90315F /* GPBUnknownFieldSet.m */ = {isa = PBXFileReference; includeInIndex = 1; lastKnownFileType = sourcecode.c.objc; name = GPBUnknownFieldSet.m; path = objectivec/GPBUnknownFieldSet.m; sourceTree = "<group>"; };
		064954E53EAB138DE7F02DEC09C48D3D /* Protobuf.modulemap */ = {isa = PBXFileReference; includeInIndex = 1; path = Protobuf.modulemap; sourceTree = "<group>"; };
		098A0BF230FE5FFF52FB878A4BCDB3D1 /* Info.plist */ = {isa = PBXFileReference; includeInIndex = 1; lastKnownFileType = text.plist.xml; path = Info.plist; sourceTree = "<group>"; };
		0A3FA82FCB0D382FECC50FA623A6BC8B /* FirebaseInstanceID.framework */ = {isa = PBXFileReference; lastKnownFileType = wrapper.framework; name = FirebaseInstanceID.framework; path = Frameworks/FirebaseInstanceID.framework; sourceTree = "<group>"; };
		0D31594D096EFEC2E1D20CDE9BDED920 /* GoogleToolboxForMac.modulemap */ = {isa = PBXFileReference; includeInIndex = 1; path = GoogleToolboxForMac.modulemap; sourceTree = "<group>"; };
		0E80731692827D784465D24E8B40672B /* GPBMessage_PackagePrivate.h */ = {isa = PBXFileReference; includeInIndex = 1; lastKnownFileType = sourcecode.c.h; name = GPBMessage_PackagePrivate.h; path = objectivec/GPBMessage_PackagePrivate.h; sourceTree = "<group>"; };
		0FAE4BD72C212F84C85630EA2A166EB3 /* Protobuf.framework */ = {isa = PBXFileReference; explicitFileType = wrapper.framework; includeInIndex = 0; name = Protobuf.framework; path = Protobuf.framework; sourceTree = BUILT_PRODUCTS_DIR; };
		1271ECA7BDDFC24677BDE5BC3E22A328 /* FieldMask.pbobjc.m */ = {isa = PBXFileReference; includeInIndex = 1; lastKnownFileType = sourcecode.c.objc; name = FieldMask.pbobjc.m; path = objectivec/google/protobuf/FieldMask.pbobjc.m; sourceTree = "<group>"; };
		127B5014FA5ABE6CE7742F111893DEC7 /* Pods-Calminder-acknowledgements.plist */ = {isa = PBXFileReference; includeInIndex = 1; lastKnownFileType = text.plist.xml; path = "Pods-Calminder-acknowledgements.plist"; sourceTree = "<group>"; };
		13CFBB37DAFAD0EA5888A759E537C59B /* GTMNSData+zlib.m */ = {isa = PBXFileReference; includeInIndex = 1; lastKnownFileType = sourcecode.c.objc; name = "GTMNSData+zlib.m"; path = "Foundation/GTMNSData+zlib.m"; sourceTree = "<group>"; };
		1A89906F03CD0FD0E7D9FFC8A2ECAAB8 /* Duration.pbobjc.m */ = {isa = PBXFileReference; includeInIndex = 1; lastKnownFileType = sourcecode.c.objc; name = Duration.pbobjc.m; path = objectivec/google/protobuf/Duration.pbobjc.m; sourceTree = "<group>"; };
		1B6E2B0A33DB4269D45956F2CC46959D /* GPBExtensionInternals.h */ = {isa = PBXFileReference; includeInIndex = 1; lastKnownFileType = sourcecode.c.h; name = GPBExtensionInternals.h; path = objectivec/GPBExtensionInternals.h; sourceTree = "<group>"; };
		1D53B2D8E076B691331907684BBA195E /* Info.plist */ = {isa = PBXFileReference; includeInIndex = 1; lastKnownFileType = text.plist.xml; path = Info.plist; sourceTree = "<group>"; };
		220CD7204836E1102D0A7012E525B61C /* GoogleToolboxForMac-dummy.m */ = {isa = PBXFileReference; includeInIndex = 1; lastKnownFileType = sourcecode.c.objc; path = "GoogleToolboxForMac-dummy.m"; sourceTree = "<group>"; };
		2289175BC4C1AA86DFD43BA266246BC9 /* GPBUnknownFieldSet_PackagePrivate.h */ = {isa = PBXFileReference; includeInIndex = 1; lastKnownFileType = sourcecode.c.h; name = GPBUnknownFieldSet_PackagePrivate.h; path = objectivec/GPBUnknownFieldSet_PackagePrivate.h; sourceTree = "<group>"; };
		24BA27627CC1C55E3798D203801E53CA /* SourceContext.pbobjc.h */ = {isa = PBXFileReference; includeInIndex = 1; lastKnownFileType = sourcecode.c.h; name = SourceContext.pbobjc.h; path = objectivec/google/protobuf/SourceContext.pbobjc.h; sourceTree = "<group>"; };
		29778325BB73E6EB808F281DC1DE82D7 /* GTMNSData+zlib.h */ = {isa = PBXFileReference; includeInIndex = 1; lastKnownFileType = sourcecode.c.h; name = "GTMNSData+zlib.h"; path = "Foundation/GTMNSData+zlib.h"; sourceTree = "<group>"; };
		2B8596D8EE2DFC451B080670A7F0F7AB /* Api.pbobjc.h */ = {isa = PBXFileReference; includeInIndex = 1; lastKnownFileType = sourcecode.c.h; name = Api.pbobjc.h; path = objectivec/google/protobuf/Api.pbobjc.h; sourceTree = "<group>"; };
		2B9F334F69CEEF9C870D02CC00BA7D5F /* Pods-CalminderUITests.modulemap */ = {isa = PBXFileReference; includeInIndex = 1; path = "Pods-CalminderUITests.modulemap"; sourceTree = "<group>"; };
		2D65F07335A8D7423FD139E059152473 /* GPBUnknownFieldSet.h */ = {isa = PBXFileReference; includeInIndex = 1; lastKnownFileType = sourcecode.c.h; name = GPBUnknownFieldSet.h; path = objectivec/GPBUnknownFieldSet.h; sourceTree = "<group>"; };
		3083571531C7179BFAFBA86FE0260C6D /* Pods-CalminderTests-frameworks.sh */ = {isa = PBXFileReference; includeInIndex = 1; lastKnownFileType = text.script.sh; path = "Pods-CalminderTests-frameworks.sh"; sourceTree = "<group>"; };
		320FE4C124F9016940949FD44A884E1C /* Protobuf-dummy.m */ = {isa = PBXFileReference; includeInIndex = 1; lastKnownFileType = sourcecode.c.objc; path = "Protobuf-dummy.m"; sourceTree = "<group>"; };
		341A03E3EE4B40F048E3BA9AFD59A1DF /* Pods-CalminderUITests-resources.sh */ = {isa = PBXFileReference; includeInIndex = 1; lastKnownFileType = text.script.sh; path = "Pods-CalminderUITests-resources.sh"; sourceTree = "<group>"; };
		3601BEDEDF1D46001BF14B8CFD3385EC /* Protobuf.xcconfig */ = {isa = PBXFileReference; includeInIndex = 1; lastKnownFileType = text.xcconfig; path = Protobuf.xcconfig; sourceTree = "<group>"; };
		383593540F60168EA64EF3C3031824BC /* Firebase.h */ = {isa = PBXFileReference; includeInIndex = 1; lastKnownFileType = sourcecode.c.h; name = Firebase.h; path = Core/Sources/Firebase.h; sourceTree = "<group>"; };
		3AE2F1CEFA95B2C6C93024B9BD9BFAA0 /* GPBRootObject.h */ = {isa = PBXFileReference; includeInIndex = 1; lastKnownFileType = sourcecode.c.h; name = GPBRootObject.h; path = objectivec/GPBRootObject.h; sourceTree = "<group>"; };
		3CD87C1A48EA00FAB5BFE6C827DB9B5B /* GoogleToolboxForMac-prefix.pch */ = {isa = PBXFileReference; includeInIndex = 1; lastKnownFileType = sourcecode.c.h; path = "GoogleToolboxForMac-prefix.pch"; sourceTree = "<group>"; };
		408B065F021DB8123AA189402D049D7E /* Any.pbobjc.m */ = {isa = PBXFileReference; includeInIndex = 1; lastKnownFileType = sourcecode.c.objc; name = Any.pbobjc.m; path = objectivec/google/protobuf/Any.pbobjc.m; sourceTree = "<group>"; };
		45BD866914C863FDFEF3F8B204A0968B /* Pods-CalminderUITests-umbrella.h */ = {isa = PBXFileReference; includeInIndex = 1; lastKnownFileType = sourcecode.c.h; path = "Pods-CalminderUITests-umbrella.h"; sourceTree = "<group>"; };
		463A1FB3236B82AB6B8753402C61359B /* GPBExtensionRegistry.m */ = {isa = PBXFileReference; includeInIndex = 1; lastKnownFileType = sourcecode.c.objc; name = GPBExtensionRegistry.m; path = objectivec/GPBExtensionRegistry.m; sourceTree = "<group>"; };
		48B243FF6BA966EE618539FD6CA95091 /* Type.pbobjc.h */ = {isa = PBXFileReference; includeInIndex = 1; lastKnownFileType = sourcecode.c.h; name = Type.pbobjc.h; path = objectivec/google/protobuf/Type.pbobjc.h; sourceTree = "<group>"; };
		4C7E1787406A3AC7F2E200CBA5A0CB91 /* GPBUtilities.m */ = {isa = PBXFileReference; includeInIndex = 1; lastKnownFileType = sourcecode.c.objc; name = GPBUtilities.m; path = objectivec/GPBUtilities.m; sourceTree = "<group>"; };
		4CF577E8D90680852A52D54FA65D6853 /* GPBRootObject_PackagePrivate.h */ = {isa = PBXFileReference; includeInIndex = 1; lastKnownFileType = sourcecode.c.h; name = GPBRootObject_PackagePrivate.h; path = objectivec/GPBRootObject_PackagePrivate.h; sourceTree = "<group>"; };
		50F92FB1B361B19025B878D78EE80582 /* GoogleToolboxForMac.framework */ = {isa = PBXFileReference; explicitFileType = wrapper.framework; includeInIndex = 0; name = GoogleToolboxForMac.framework; path = GoogleToolboxForMac.framework; sourceTree = BUILT_PRODUCTS_DIR; };
		53E64AAB0005786EAC84EA2404DEBBAD /* GTMLogger.m */ = {isa = PBXFileReference; includeInIndex = 1; lastKnownFileType = sourcecode.c.objc; name = GTMLogger.m; path = Foundation/GTMLogger.m; sourceTree = "<group>"; };
		5968A3D5D9ABE956C82C573B88307DD9 /* Pods-Calminder-dummy.m */ = {isa = PBXFileReference; includeInIndex = 1; lastKnownFileType = sourcecode.c.objc; path = "Pods-Calminder-dummy.m"; sourceTree = "<group>"; };
		5A09595016CAD5008FCCFC35F72043FA /* GPBUtilities_PackagePrivate.h */ = {isa = PBXFileReference; includeInIndex = 1; lastKnownFileType = sourcecode.c.h; name = GPBUtilities_PackagePrivate.h; path = objectivec/GPBUtilities_PackagePrivate.h; sourceTree = "<group>"; };
		5A3056AA9BFEFD5313D07AADBE23E1DE /* GPBDescriptor_PackagePrivate.h */ = {isa = PBXFileReference; includeInIndex = 1; lastKnownFileType = sourcecode.c.h; name = GPBDescriptor_PackagePrivate.h; path = objectivec/GPBDescriptor_PackagePrivate.h; sourceTree = "<group>"; };
		5C924E56F628F41947DF5472DD755ADD /* Empty.pbobjc.h */ = {isa = PBXFileReference; includeInIndex = 1; lastKnownFileType = sourcecode.c.h; name = Empty.pbobjc.h; path = objectivec/google/protobuf/Empty.pbobjc.h; sourceTree = "<group>"; };
		5CC35A6D43DE500E6471B6AF18B207E9 /* Pods-CalminderUITests-dummy.m */ = {isa = PBXFileReference; includeInIndex = 1; lastKnownFileType = sourcecode.c.objc; path = "Pods-CalminderUITests-dummy.m"; sourceTree = "<group>"; };
		5D7DBCA1D9C1B514D8847B3C67736756 /* Timestamp.pbobjc.m */ = {isa = PBXFileReference; includeInIndex = 1; lastKnownFileType = sourcecode.c.objc; name = Timestamp.pbobjc.m; path = objectivec/google/protobuf/Timestamp.pbobjc.m; sourceTree = "<group>"; };
		5DE36CC6A8BCBC1451886217BEF8AB78 /* Pods-CalminderUITests.debug.xcconfig */ = {isa = PBXFileReference; includeInIndex = 1; lastKnownFileType = text.xcconfig; path = "Pods-CalminderUITests.debug.xcconfig"; sourceTree = "<group>"; };
		5EDD6C21EE09737EC9D81C71413EAE91 /* Protobuf-umbrella.h */ = {isa = PBXFileReference; includeInIndex = 1; lastKnownFileType = sourcecode.c.h; path = "Protobuf-umbrella.h"; sourceTree = "<group>"; };
		61F5AB86AA127D5DCC3998D2362122F3 /* GPBExtensionRegistry.h */ = {isa = PBXFileReference; includeInIndex = 1; lastKnownFileType = sourcecode.c.h; name = GPBExtensionRegistry.h; path = objectivec/GPBExtensionRegistry.h; sourceTree = "<group>"; };
		62FB1F41DC9CB784C971E27379319B57 /* FirebaseCrash.framework */ = {isa = PBXFileReference; lastKnownFileType = wrapper.framework; name = FirebaseCrash.framework; path = Frameworks/FirebaseCrash.framework; sourceTree = "<group>"; };
		6604A7D69453B4569E4E4827FB9155A9 /* Foundation.framework */ = {isa = PBXFileReference; lastKnownFileType = wrapper.framework; name = Foundation.framework; path = Platforms/iPhoneOS.platform/Developer/SDKs/iPhoneOS10.3.sdk/System/Library/Frameworks/Foundation.framework; sourceTree = DEVELOPER_DIR; };
		6C2FCC6438DC5B06AB707F5B5DF077DE /* GPBDictionary_PackagePrivate.h */ = {isa = PBXFileReference; includeInIndex = 1; lastKnownFileType = sourcecode.c.h; name = GPBDictionary_PackagePrivate.h; path = objectivec/GPBDictionary_PackagePrivate.h; sourceTree = "<group>"; };
		6D7AE0D0DB7537D6678538E13EFB6DAF /* Pods-CalminderTests.debug.xcconfig */ = {isa = PBXFileReference; includeInIndex = 1; lastKnownFileType = text.xcconfig; path = "Pods-CalminderTests.debug.xcconfig"; sourceTree = "<group>"; };
		6F08EEA789D38AB09F35DB6421203F43 /* Type.pbobjc.m */ = {isa = PBXFileReference; includeInIndex = 1; lastKnownFileType = sourcecode.c.objc; name = Type.pbobjc.m; path = objectivec/google/protobuf/Type.pbobjc.m; sourceTree = "<group>"; };
		71FD3DDEBC816F247651F0C38B9419ED /* Pods-Calminder.release.xcconfig */ = {isa = PBXFileReference; includeInIndex = 1; lastKnownFileType = text.xcconfig; path = "Pods-Calminder.release.xcconfig"; sourceTree = "<group>"; };
		740F5106E23612D863B9A86069D897C1 /* GPBUnknownField.h */ = {isa = PBXFileReference; includeInIndex = 1; lastKnownFileType = sourcecode.c.h; name = GPBUnknownField.h; path = objectivec/GPBUnknownField.h; sourceTree = "<group>"; };
		76103A544A5D7E9BD360C2C1C75685EE /* Pods-CalminderTests-resources.sh */ = {isa = PBXFileReference; includeInIndex = 1; lastKnownFileType = text.script.sh; path = "Pods-CalminderTests-resources.sh"; sourceTree = "<group>"; };
		7708C094450EBBCF2D251C63B33122E2 /* FirebaseAnalytics.framework */ = {isa = PBXFileReference; lastKnownFileType = wrapper.framework; name = FirebaseAnalytics.framework; path = Frameworks/FirebaseAnalytics.framework; sourceTree = "<group>"; };
		7745655618FD34619FC95FE03F7E7A7D /* Pods-CalminderTests-umbrella.h */ = {isa = PBXFileReference; includeInIndex = 1; lastKnownFileType = sourcecode.c.h; path = "Pods-CalminderTests-umbrella.h"; sourceTree = "<group>"; };
		7F8873283EEFC3D6B0496B2125F10FF3 /* Struct.pbobjc.m */ = {isa = PBXFileReference; includeInIndex = 1; lastKnownFileType = sourcecode.c.objc; name = Struct.pbobjc.m; path = objectivec/google/protobuf/Struct.pbobjc.m; sourceTree = "<group>"; };
		8186D829D4BE882FE78A4FBAFE71DE99 /* Wrappers.pbobjc.h */ = {isa = PBXFileReference; includeInIndex = 1; lastKnownFileType = sourcecode.c.h; name = Wrappers.pbobjc.h; path = objectivec/google/protobuf/Wrappers.pbobjc.h; sourceTree = "<group>"; };
		829C4873C3FC6F90CF4A64A74DE74D76 /* GoogleToolboxForMac.xcconfig */ = {isa = PBXFileReference; includeInIndex = 1; lastKnownFileType = text.xcconfig; path = GoogleToolboxForMac.xcconfig; sourceTree = "<group>"; };
		82DC39AA76B13590472E0EAC068EA636 /* GPBUnknownField_PackagePrivate.h */ = {isa = PBXFileReference; includeInIndex = 1; lastKnownFileType = sourcecode.c.h; name = GPBUnknownField_PackagePrivate.h; path = objectivec/GPBUnknownField_PackagePrivate.h; sourceTree = "<group>"; };
		86356E17B6246E47931C984A268B20F3 /* GPBBootstrap.h */ = {isa = PBXFileReference; includeInIndex = 1; lastKnownFileType = sourcecode.c.h; name = GPBBootstrap.h; path = objectivec/GPBBootstrap.h; sourceTree = "<group>"; };
		87A75FFFC95181DC6D5D2594A4A265C1 /* GPBDescriptor.h */ = {isa = PBXFileReference; includeInIndex = 1; lastKnownFileType = sourcecode.c.h; name = GPBDescriptor.h; path = objectivec/GPBDescriptor.h; sourceTree = "<group>"; };
		88B3EA932A7213DD9D09AD3DCFD29C1F /* Pods-Calminder-frameworks.sh */ = {isa = PBXFileReference; includeInIndex = 1; lastKnownFileType = text.script.sh; path = "Pods-Calminder-frameworks.sh"; sourceTree = "<group>"; };
		8CE65B6FBCC651910AD843F629CF80B4 /* Pods-CalminderUITests-acknowledgements.markdown */ = {isa = PBXFileReference; includeInIndex = 1; lastKnownFileType = text; path = "Pods-CalminderUITests-acknowledgements.markdown"; sourceTree = "<group>"; };
		8E618EF489E1525782DEB140B4805DDF /* Any.pbobjc.h */ = {isa = PBXFileReference; includeInIndex = 1; lastKnownFileType = sourcecode.c.h; name = Any.pbobjc.h; path = objectivec/google/protobuf/Any.pbobjc.h; sourceTree = "<group>"; };
		8F39744FD72E66F088C8F8A39CDB7CA3 /* GPBWireFormat.m */ = {isa = PBXFileReference; includeInIndex = 1; lastKnownFileType = sourcecode.c.objc; name = GPBWireFormat.m; path = objectivec/GPBWireFormat.m; sourceTree = "<group>"; };
		936B37FDC87A08FE761AB47AC268FD93 /* GPBMessage.m */ = {isa = PBXFileReference; includeInIndex = 1; lastKnownFileType = sourcecode.c.objc; name = GPBMessage.m; path = objectivec/GPBMessage.m; sourceTree = "<group>"; };
		93A4A3777CF96A4AAC1D13BA6DCCEA73 /* Podfile */ = {isa = PBXFileReference; explicitFileType = text.script.ruby; includeInIndex = 1; lastKnownFileType = text; name = Podfile; path = ../Podfile; sourceTree = SOURCE_ROOT; xcLanguageSpecificationIdentifier = xcode.lang.ruby; };
		978D611A236AB0CE6494F377FF3075C3 /* GTMLogger.h */ = {isa = PBXFileReference; includeInIndex = 1; lastKnownFileType = sourcecode.c.h; name = GTMLogger.h; path = Foundation/GTMLogger.h; sourceTree = "<group>"; };
		98B7578F9E79EB9128176F593694FF67 /* Wrappers.pbobjc.m */ = {isa = PBXFileReference; includeInIndex = 1; lastKnownFileType = sourcecode.c.objc; name = Wrappers.pbobjc.m; path = objectivec/google/protobuf/Wrappers.pbobjc.m; sourceTree = "<group>"; };
		9970E3C86A8EB5AE3AA57567E1E987FB /* Api.pbobjc.m */ = {isa = PBXFileReference; includeInIndex = 1; lastKnownFileType = sourcecode.c.objc; name = Api.pbobjc.m; path = objectivec/google/protobuf/Api.pbobjc.m; sourceTree = "<group>"; };
		9DBB0ECEEAC3CE0801210F80BB59158C /* Struct.pbobjc.h */ = {isa = PBXFileReference; includeInIndex = 1; lastKnownFileType = sourcecode.c.h; name = Struct.pbobjc.h; path = objectivec/google/protobuf/Struct.pbobjc.h; sourceTree = "<group>"; };
		A3903268A7DAE5046F1ADF7A2DE25D5C /* GPBCodedInputStream.h */ = {isa = PBXFileReference; includeInIndex = 1; lastKnownFileType = sourcecode.c.h; name = GPBCodedInputStream.h; path = objectivec/GPBCodedInputStream.h; sourceTree = "<group>"; };
		A545A8F96342F713F89CB32C190D432D /* Pods_Calminder.framework */ = {isa = PBXFileReference; explicitFileType = wrapper.framework; includeInIndex = 0; name = Pods_Calminder.framework; path = "Pods-Calminder.framework"; sourceTree = BUILT_PRODUCTS_DIR; };
		A92D5BE2EB4F6003AC3488E00AB4EEBF /* FieldMask.pbobjc.h */ = {isa = PBXFileReference; includeInIndex = 1; lastKnownFileType = sourcecode.c.h; name = FieldMask.pbobjc.h; path = objectivec/google/protobuf/FieldMask.pbobjc.h; sourceTree = "<group>"; };
		B5375FC83954F9F15503552BC0A48E89 /* GPBArray.m */ = {isa = PBXFileReference; includeInIndex = 1; lastKnownFileType = sourcecode.c.objc; name = GPBArray.m; path = objectivec/GPBArray.m; sourceTree = "<group>"; };
		B66EEE5A099ED882FA3CE5F426E096EA /* Pods-Calminder.modulemap */ = {isa = PBXFileReference; includeInIndex = 1; path = "Pods-Calminder.modulemap"; sourceTree = "<group>"; };
		B7E2ABAA2A8E82FD328851CCBD075567 /* Pods-CalminderTests-acknowledgements.plist */ = {isa = PBXFileReference; includeInIndex = 1; lastKnownFileType = text.plist.xml; path = "Pods-CalminderTests-acknowledgements.plist"; sourceTree = "<group>"; };
		BAD516643D99B1BA0A1DC5D651257393 /* Pods-CalminderTests-acknowledgements.markdown */ = {isa = PBXFileReference; includeInIndex = 1; lastKnownFileType = text; path = "Pods-CalminderTests-acknowledgements.markdown"; sourceTree = "<group>"; };
		BCFCEA58030296F126C4ADF33F2921C6 /* Pods-Calminder-acknowledgements.markdown */ = {isa = PBXFileReference; includeInIndex = 1; lastKnownFileType = text; path = "Pods-Calminder-acknowledgements.markdown"; sourceTree = "<group>"; };
		BE24BDC3FB7F69564354055EE576EC64 /* GPBCodedOutputStream.h */ = {isa = PBXFileReference; includeInIndex = 1; lastKnownFileType = sourcecode.c.h; name = GPBCodedOutputStream.h; path = objectivec/GPBCodedOutputStream.h; sourceTree = "<group>"; };
		BED304007350D1DF98A4B3AC154C494F /* GPBProtocolBuffers.h */ = {isa = PBXFileReference; includeInIndex = 1; lastKnownFileType = sourcecode.c.h; name = GPBProtocolBuffers.h; path = objectivec/GPBProtocolBuffers.h; sourceTree = "<group>"; };
		BF86A62BAABA55BE1CDA6942ADCA0E7D /* GPBProtocolBuffers_RuntimeSupport.h */ = {isa = PBXFileReference; includeInIndex = 1; lastKnownFileType = sourcecode.c.h; name = GPBProtocolBuffers_RuntimeSupport.h; path = objectivec/GPBProtocolBuffers_RuntimeSupport.h; sourceTree = "<group>"; };
		BF8D622C2086925A269CE0915F51B8E0 /* GPBArray.h */ = {isa = PBXFileReference; includeInIndex = 1; lastKnownFileType = sourcecode.c.h; name = GPBArray.h; path = objectivec/GPBArray.h; sourceTree = "<group>"; };
		C16430B954BA1376A0B2FCEA0820ECF5 /* Pods-CalminderTests.release.xcconfig */ = {isa = PBXFileReference; includeInIndex = 1; lastKnownFileType = text.xcconfig; path = "Pods-CalminderTests.release.xcconfig"; sourceTree = "<group>"; };
		C3AA964873178C3A1A547D84E16A2F02 /* Pods-CalminderTests.modulemap */ = {isa = PBXFileReference; includeInIndex = 1; path = "Pods-CalminderTests.modulemap"; sourceTree = "<group>"; };
		C49A41D32E54B6E28F4EC841798DC550 /* FirebaseDatabase.framework */ = {isa = PBXFileReference; lastKnownFileType = wrapper.framework; name = FirebaseDatabase.framework; path = Frameworks/FirebaseDatabase.framework; sourceTree = "<group>"; };
		C6768ADED75D48B59537AA289E0CE3F6 /* GPBCodedOutputStream.m */ = {isa = PBXFileReference; includeInIndex = 1; lastKnownFileType = sourcecode.c.objc; name = GPBCodedOutputStream.m; path = objectivec/GPBCodedOutputStream.m; sourceTree = "<group>"; };
		C78E273A11434AF6A3C0489D0C3D8AEB /* Duration.pbobjc.h */ = {isa = PBXFileReference; includeInIndex = 1; lastKnownFileType = sourcecode.c.h; name = Duration.pbobjc.h; path = objectivec/google/protobuf/Duration.pbobjc.h; sourceTree = "<group>"; };
		C794F5E7447BCD5DFE5733D592FD663A /* Info.plist */ = {isa = PBXFileReference; includeInIndex = 1; lastKnownFileType = text.plist.xml; path = Info.plist; sourceTree = "<group>"; };
		C9DA85259BEC4E1B0BF01B16A95A8BD1 /* Pods-CalminderTests-dummy.m */ = {isa = PBXFileReference; includeInIndex = 1; lastKnownFileType = sourcecode.c.objc; path = "Pods-CalminderTests-dummy.m"; sourceTree = "<group>"; };
		CB878F4899C6EFB9E55612E0ECA6F46A /* GoogleToolboxForMac-umbrella.h */ = {isa = PBXFileReference; includeInIndex = 1; lastKnownFileType = sourcecode.c.h; path = "GoogleToolboxForMac-umbrella.h"; sourceTree = "<group>"; };
		CE9B9D77ED27C511F9743F34D5CF6B65 /* SourceContext.pbobjc.m */ = {isa = PBXFileReference; includeInIndex = 1; lastKnownFileType = sourcecode.c.objc; name = SourceContext.pbobjc.m; path = objectivec/google/protobuf/SourceContext.pbobjc.m; sourceTree = "<group>"; };
		CECA2B7990DC6314B6899F4F9B3D68C0 /* GPBCodedInputStream.m */ = {isa = PBXFileReference; includeInIndex = 1; lastKnownFileType = sourcecode.c.objc; name = GPBCodedInputStream.m; path = objectivec/GPBCodedInputStream.m; sourceTree = "<group>"; };
		D4CF92365D0D07D89B94AA2EF68A9594 /* Info.plist */ = {isa = PBXFileReference; includeInIndex = 1; lastKnownFileType = text.plist.xml; path = Info.plist; sourceTree = "<group>"; };
		D61EB478D8579BAD196DD649A1439085 /* Pods-Calminder-resources.sh */ = {isa = PBXFileReference; includeInIndex = 1; lastKnownFileType = text.script.sh; path = "Pods-Calminder-resources.sh"; sourceTree = "<group>"; };
		D7A8D4B3A272B4A71DAE7FCC47CCB043 /* GPBWellKnownTypes.h */ = {isa = PBXFileReference; includeInIndex = 1; lastKnownFileType = sourcecode.c.h; name = GPBWellKnownTypes.h; path = objectivec/GPBWellKnownTypes.h; sourceTree = "<group>"; };
		D9401378C8C461FC96BF1CC49E924A45 /* FirebaseCore.framework */ = {isa = PBXFileReference; lastKnownFileType = wrapper.framework; name = FirebaseCore.framework; path = Frameworks/FirebaseCore.framework; sourceTree = "<group>"; };
		DC9DFE154342BE29730A6C607DC263B2 /* GTMDefines.h */ = {isa = PBXFileReference; includeInIndex = 1; lastKnownFileType = sourcecode.c.h; path = GTMDefines.h; sourceTree = "<group>"; };
		DD45595F088EC115DBB2F8C868BC5ED1 /* GPBWellKnownTypes.m */ = {isa = PBXFileReference; includeInIndex = 1; lastKnownFileType = sourcecode.c.objc; name = GPBWellKnownTypes.m; path = objectivec/GPBWellKnownTypes.m; sourceTree = "<group>"; };
		DF77D414563FCE6F6F3A61A08EE5BAD9 /* Pods-CalminderUITests-frameworks.sh */ = {isa = PBXFileReference; includeInIndex = 1; lastKnownFileType = text.script.sh; path = "Pods-CalminderUITests-frameworks.sh"; sourceTree = "<group>"; };
		E0D0621D8E6939A02FF962A484B4F5B6 /* GPBDictionary.h */ = {isa = PBXFileReference; includeInIndex = 1; lastKnownFileType = sourcecode.c.h; name = GPBDictionary.h; path = objectivec/GPBDictionary.h; sourceTree = "<group>"; };
		E3148A0CF2DACC17DB416FA66A924AAE /* GPBDescriptor.m */ = {isa = PBXFileReference; includeInIndex = 1; lastKnownFileType = sourcecode.c.objc; name = GPBDescriptor.m; path = objectivec/GPBDescriptor.m; sourceTree = "<group>"; };
		E798F49F821DFABAB7A59EABDAAB6397 /* Timestamp.pbobjc.h */ = {isa = PBXFileReference; includeInIndex = 1; lastKnownFileType = sourcecode.c.h; name = Timestamp.pbobjc.h; path = objectivec/google/protobuf/Timestamp.pbobjc.h; sourceTree = "<group>"; };
		E9910F3942CA2DEB7DC85F96E136B30F /* GPBArray_PackagePrivate.h */ = {isa = PBXFileReference; includeInIndex = 1; lastKnownFileType = sourcecode.c.h; name = GPBArray_PackagePrivate.h; path = objectivec/GPBArray_PackagePrivate.h; sourceTree = "<group>"; };
		EB3E9E1F3D7CFD34A4E2893C09FB1E37 /* GPBRuntimeTypes.h */ = {isa = PBXFileReference; includeInIndex = 1; lastKnownFileType = sourcecode.c.h; name = GPBRuntimeTypes.h; path = objectivec/GPBRuntimeTypes.h; sourceTree = "<group>"; };
		EB7066835F82372A1644D3AA8D9C45D6 /* GPBExtensionInternals.m */ = {isa = PBXFileReference; includeInIndex = 1; lastKnownFileType = sourcecode.c.objc; name = GPBExtensionInternals.m; path = objectivec/GPBExtensionInternals.m; sourceTree = "<group>"; };
		ED3F10FD7233169D3175A482B2243E30 /* GPBDictionary.m */ = {isa = PBXFileReference; includeInIndex = 1; lastKnownFileType = sourcecode.c.objc; name = GPBDictionary.m; path = objectivec/GPBDictionary.m; sourceTree = "<group>"; };
		EDAAD2EE31968AF93D743EAE19DE7B0C /* Pods-CalminderUITests.release.xcconfig */ = {isa = PBXFileReference; includeInIndex = 1; lastKnownFileType = text.xcconfig; path = "Pods-CalminderUITests.release.xcconfig"; sourceTree = "<group>"; };
		F102E231EB9E754FD2C53D1207FF37EA /* Pods_CalminderTests.framework */ = {isa = PBXFileReference; explicitFileType = wrapper.framework; includeInIndex = 0; name = Pods_CalminderTests.framework; path = "Pods-CalminderTests.framework"; sourceTree = BUILT_PRODUCTS_DIR; };
		F183585C387D3BBA96295A1B062DB185 /* GPBCodedOutputStream_PackagePrivate.h */ = {isa = PBXFileReference; includeInIndex = 1; lastKnownFileType = sourcecode.c.h; name = GPBCodedOutputStream_PackagePrivate.h; path = objectivec/GPBCodedOutputStream_PackagePrivate.h; sourceTree = "<group>"; };
		F2832C323660281D4A91BCCF863E0816 /* GPBMessage.h */ = {isa = PBXFileReference; includeInIndex = 1; lastKnownFileType = sourcecode.c.h; name = GPBMessage.h; path = objectivec/GPBMessage.h; sourceTree = "<group>"; };
		F3011C7137655AA00FE9A8767E91EE5A /* GPBUtilities.h */ = {isa = PBXFileReference; includeInIndex = 1; lastKnownFileType = sourcecode.c.h; name = GPBUtilities.h; path = objectivec/GPBUtilities.h; sourceTree = "<group>"; };
		F53BE39C1EFE0886716A150729987E78 /* Pods_CalminderUITests.framework */ = {isa = PBXFileReference; explicitFileType = wrapper.framework; includeInIndex = 0; name = Pods_CalminderUITests.framework; path = "Pods-CalminderUITests.framework"; sourceTree = BUILT_PRODUCTS_DIR; };
		F71E94DFF7E8D937D54FC72F3AD82DCB /* Pods-Calminder.debug.xcconfig */ = {isa = PBXFileReference; includeInIndex = 1; lastKnownFileType = text.xcconfig; path = "Pods-Calminder.debug.xcconfig"; sourceTree = "<group>"; };
		FA18425413C3E4486948DD45007DEB2A /* GPBRootObject.m */ = {isa = PBXFileReference; includeInIndex = 1; lastKnownFileType = sourcecode.c.objc; name = GPBRootObject.m; path = objectivec/GPBRootObject.m; sourceTree = "<group>"; };
		FAF9F02EA2FFAAE3C1131C5611BC7721 /* GPBUnknownField.m */ = {isa = PBXFileReference; includeInIndex = 1; lastKnownFileType = sourcecode.c.objc; name = GPBUnknownField.m; path = objectivec/GPBUnknownField.m; sourceTree = "<group>"; };
		FBAAAB5D64B41C533F1B1B7F6A58AC79 /* Pods-CalminderUITests-acknowledgements.plist */ = {isa = PBXFileReference; includeInIndex = 1; lastKnownFileType = text.plist.xml; path = "Pods-CalminderUITests-acknowledgements.plist"; sourceTree = "<group>"; };
		FBE8232414D3B611D75DC8769B84F258 /* Protobuf-prefix.pch */ = {isa = PBXFileReference; includeInIndex = 1; lastKnownFileType = sourcecode.c.h; path = "Protobuf-prefix.pch"; sourceTree = "<group>"; };
		FDBE0BC9957220E6B538EA8CCC674546 /* GPBWireFormat.h */ = {isa = PBXFileReference; includeInIndex = 1; lastKnownFileType = sourcecode.c.h; name = GPBWireFormat.h; path = objectivec/GPBWireFormat.h; sourceTree = "<group>"; };
		FE2476872B43941F3FE2E6256AF62E20 /* Pods-Calminder-umbrella.h */ = {isa = PBXFileReference; includeInIndex = 1; lastKnownFileType = sourcecode.c.h; path = "Pods-Calminder-umbrella.h"; sourceTree = "<group>"; };
/* End PBXFileReference section */

/* Begin PBXFrameworksBuildPhase section */
		28EC482898AB316E312962E5109BDF90 /* Frameworks */ = {
			isa = PBXFrameworksBuildPhase;
			buildActionMask = 2147483647;
			files = (
				FC187FBBC34342FE9973E2637D5B1EB4 /* Foundation.framework in Frameworks */,
			);
			runOnlyForDeploymentPostprocessing = 0;
		};
		92709EDEE4C6DA544BE1F984EE1AD6C1 /* Frameworks */ = {
			isa = PBXFrameworksBuildPhase;
			buildActionMask = 2147483647;
			files = (
				EAF9468F34DC4DC649141F59A1CEB2CB /* Foundation.framework in Frameworks */,
			);
			runOnlyForDeploymentPostprocessing = 0;
		};
		A90436D0C5E59A2C8168E2F6CD82B9CE /* Frameworks */ = {
			isa = PBXFrameworksBuildPhase;
			buildActionMask = 2147483647;
			files = (
				CF048B9BB5085481EE00D13001EEDE11 /* Foundation.framework in Frameworks */,
			);
			runOnlyForDeploymentPostprocessing = 0;
		};
		C5FBD50589CE2C516975A62886A56E07 /* Frameworks */ = {
			isa = PBXFrameworksBuildPhase;
			buildActionMask = 2147483647;
			files = (
				554FEFCBC7B4F81FA40B1CBE88760112 /* Foundation.framework in Frameworks */,
			);
			runOnlyForDeploymentPostprocessing = 0;
		};
		F907B2D99F9C60359107CBB3EE4F5643 /* Frameworks */ = {
			isa = PBXFrameworksBuildPhase;
			buildActionMask = 2147483647;
			files = (
				C81442FA392CF0B04817ADA3EF96E332 /* Foundation.framework in Frameworks */,
			);
			runOnlyForDeploymentPostprocessing = 0;
		};
/* End PBXFrameworksBuildPhase section */

/* Begin PBXGroup section */
		096AD269A37826E7E32C57B8A685D56E /* Frameworks */ = {
			isa = PBXGroup;
			children = (
				C49A41D32E54B6E28F4EC841798DC550 /* FirebaseDatabase.framework */,
			);
			name = Frameworks;
			sourceTree = "<group>";
		};
		251C70343DAB7B5CCCA8BEA1728FD0DA /* Firebase */ = {
			isa = PBXGroup;
			children = (
				5B792FF68E54BA3A5AD43B182BB0BC97 /* Core */,
			);
			name = Firebase;
			path = Firebase;
			sourceTree = "<group>";
		};
		2F0B16A70FA3736A89CAEEE777D7E8B0 /* FirebaseCore */ = {
			isa = PBXGroup;
			children = (
				8C55FAA58C1D8527F323DDCB6153634C /* Frameworks */,
			);
			name = FirebaseCore;
			path = FirebaseCore;
			sourceTree = "<group>";
		};
		4B57497AB963FB48831FE4056891961B /* Pods-Calminder */ = {
			isa = PBXGroup;
			children = (
				1D53B2D8E076B691331907684BBA195E /* Info.plist */,
				B66EEE5A099ED882FA3CE5F426E096EA /* Pods-Calminder.modulemap */,
				BCFCEA58030296F126C4ADF33F2921C6 /* Pods-Calminder-acknowledgements.markdown */,
				127B5014FA5ABE6CE7742F111893DEC7 /* Pods-Calminder-acknowledgements.plist */,
				5968A3D5D9ABE956C82C573B88307DD9 /* Pods-Calminder-dummy.m */,
				88B3EA932A7213DD9D09AD3DCFD29C1F /* Pods-Calminder-frameworks.sh */,
				D61EB478D8579BAD196DD649A1439085 /* Pods-Calminder-resources.sh */,
				FE2476872B43941F3FE2E6256AF62E20 /* Pods-Calminder-umbrella.h */,
				F71E94DFF7E8D937D54FC72F3AD82DCB /* Pods-Calminder.debug.xcconfig */,
				71FD3DDEBC816F247651F0C38B9419ED /* Pods-Calminder.release.xcconfig */,
			);
			name = "Pods-Calminder";
			path = "Target Support Files/Pods-Calminder";
			sourceTree = "<group>";
		};
		5B792FF68E54BA3A5AD43B182BB0BC97 /* Core */ = {
			isa = PBXGroup;
			children = (
				383593540F60168EA64EF3C3031824BC /* Firebase.h */,
			);
			name = Core;
			sourceTree = "<group>";
		};
		68A33CE587A9FF012AA042ADF79D2F02 /* Frameworks */ = {
			isa = PBXGroup;
			children = (
				7708C094450EBBCF2D251C63B33122E2 /* FirebaseAnalytics.framework */,
			);
			name = Frameworks;
			sourceTree = "<group>";
		};
		6941FF996718A8905E40649C29F7358C /* GoogleToolboxForMac */ = {
			isa = PBXGroup;
			children = (
				FE6CD49E7CD05D6D67D0E4B31BF70F40 /* Defines */,
				A7678962C1C22954F1643232C393F336 /* Logger */,
				AC1ABE1AA299FA36C09536BCFD9CA53E /* NSData+zlib */,
				6F01D6754A5FFBD5A1570318EF43DAD7 /* Support Files */,
			);
			name = GoogleToolboxForMac;
			path = GoogleToolboxForMac;
			sourceTree = "<group>";
		};
		6F01D6754A5FFBD5A1570318EF43DAD7 /* Support Files */ = {
			isa = PBXGroup;
			children = (
				0D31594D096EFEC2E1D20CDE9BDED920 /* GoogleToolboxForMac.modulemap */,
				829C4873C3FC6F90CF4A64A74DE74D76 /* GoogleToolboxForMac.xcconfig */,
				220CD7204836E1102D0A7012E525B61C /* GoogleToolboxForMac-dummy.m */,
				3CD87C1A48EA00FAB5BFE6C827DB9B5B /* GoogleToolboxForMac-prefix.pch */,
				CB878F4899C6EFB9E55612E0ECA6F46A /* GoogleToolboxForMac-umbrella.h */,
				01728ECE04D1E6F0F2534BA30964D48D /* Info.plist */,
			);
			name = "Support Files";
			path = "../Target Support Files/GoogleToolboxForMac";
			sourceTree = "<group>";
		};
		7DB346D0F39D3F0E887471402A8071AB = {
			isa = PBXGroup;
			children = (
				93A4A3777CF96A4AAC1D13BA6DCCEA73 /* Podfile */,
				BC3CA7F9E30CC8F7E2DD044DD34432FC /* Frameworks */,
				F57D027D167CEF0943B885AD63CABC95 /* Pods */,
				AA56EC482E65A94EA2EA960A0D8E8231 /* Products */,
				A5F0FFDBCB972F2BAD487BE1B4B0FB11 /* Targets Support Files */,
			);
			sourceTree = "<group>";
		};
		83FEE8379F74ABD24B4239B5468A2532 /* FirebaseInstanceID */ = {
			isa = PBXGroup;
			children = (
				B872F46C7F910FF196F9264CF1EE3189 /* Frameworks */,
			);
			name = FirebaseInstanceID;
			path = FirebaseInstanceID;
			sourceTree = "<group>";
		};
		8C55FAA58C1D8527F323DDCB6153634C /* Frameworks */ = {
			isa = PBXGroup;
			children = (
				D9401378C8C461FC96BF1CC49E924A45 /* FirebaseCore.framework */,
			);
			name = Frameworks;
			sourceTree = "<group>";
		};
		910C0209F8302FC3E42D2EC137F3B019 /* Frameworks */ = {
			isa = PBXGroup;
			children = (
				62FB1F41DC9CB784C971E27379319B57 /* FirebaseCrash.framework */,
			);
			name = Frameworks;
			sourceTree = "<group>";
		};
		9FB840BEBEC9103663BCAADB5A24C7BC /* FirebaseCrash */ = {
			isa = PBXGroup;
			children = (
				910C0209F8302FC3E42D2EC137F3B019 /* Frameworks */,
			);
			name = FirebaseCrash;
			path = FirebaseCrash;
			sourceTree = "<group>";
		};
		A5F0FFDBCB972F2BAD487BE1B4B0FB11 /* Targets Support Files */ = {
			isa = PBXGroup;
			children = (
				4B57497AB963FB48831FE4056891961B /* Pods-Calminder */,
				E088EA80F1357615ADBF9A6451575F77 /* Pods-CalminderTests */,
				B32FB0BE7611B14F1A24CB59C9005F3D /* Pods-CalminderUITests */,
			);
			name = "Targets Support Files";
			sourceTree = "<group>";
		};
		A7678962C1C22954F1643232C393F336 /* Logger */ = {
			isa = PBXGroup;
			children = (
				978D611A236AB0CE6494F377FF3075C3 /* GTMLogger.h */,
				53E64AAB0005786EAC84EA2404DEBBAD /* GTMLogger.m */,
			);
			name = Logger;
			sourceTree = "<group>";
		};
		AA56EC482E65A94EA2EA960A0D8E8231 /* Products */ = {
			isa = PBXGroup;
			children = (
				50F92FB1B361B19025B878D78EE80582 /* GoogleToolboxForMac.framework */,
				A545A8F96342F713F89CB32C190D432D /* Pods_Calminder.framework */,
				F102E231EB9E754FD2C53D1207FF37EA /* Pods_CalminderTests.framework */,
				F53BE39C1EFE0886716A150729987E78 /* Pods_CalminderUITests.framework */,
				0FAE4BD72C212F84C85630EA2A166EB3 /* Protobuf.framework */,
			);
			name = Products;
			sourceTree = "<group>";
		};
		AB1219D29EF58B9F9DFFD28C0F8F34A7 /* FirebaseDatabase */ = {
			isa = PBXGroup;
			children = (
				096AD269A37826E7E32C57B8A685D56E /* Frameworks */,
			);
			name = FirebaseDatabase;
			path = FirebaseDatabase;
			sourceTree = "<group>";
		};
		AC1ABE1AA299FA36C09536BCFD9CA53E /* NSData+zlib */ = {
			isa = PBXGroup;
			children = (
				29778325BB73E6EB808F281DC1DE82D7 /* GTMNSData+zlib.h */,
				13CFBB37DAFAD0EA5888A759E537C59B /* GTMNSData+zlib.m */,
			);
			name = "NSData+zlib";
			sourceTree = "<group>";
		};
		B32FB0BE7611B14F1A24CB59C9005F3D /* Pods-CalminderUITests */ = {
			isa = PBXGroup;
			children = (
				D4CF92365D0D07D89B94AA2EF68A9594 /* Info.plist */,
				2B9F334F69CEEF9C870D02CC00BA7D5F /* Pods-CalminderUITests.modulemap */,
				8CE65B6FBCC651910AD843F629CF80B4 /* Pods-CalminderUITests-acknowledgements.markdown */,
				FBAAAB5D64B41C533F1B1B7F6A58AC79 /* Pods-CalminderUITests-acknowledgements.plist */,
				5CC35A6D43DE500E6471B6AF18B207E9 /* Pods-CalminderUITests-dummy.m */,
				DF77D414563FCE6F6F3A61A08EE5BAD9 /* Pods-CalminderUITests-frameworks.sh */,
				341A03E3EE4B40F048E3BA9AFD59A1DF /* Pods-CalminderUITests-resources.sh */,
				45BD866914C863FDFEF3F8B204A0968B /* Pods-CalminderUITests-umbrella.h */,
				5DE36CC6A8BCBC1451886217BEF8AB78 /* Pods-CalminderUITests.debug.xcconfig */,
				EDAAD2EE31968AF93D743EAE19DE7B0C /* Pods-CalminderUITests.release.xcconfig */,
			);
			name = "Pods-CalminderUITests";
			path = "Target Support Files/Pods-CalminderUITests";
			sourceTree = "<group>";
		};
		B872F46C7F910FF196F9264CF1EE3189 /* Frameworks */ = {
			isa = PBXGroup;
			children = (
				0A3FA82FCB0D382FECC50FA623A6BC8B /* FirebaseInstanceID.framework */,
			);
			name = Frameworks;
			sourceTree = "<group>";
		};
		BC3CA7F9E30CC8F7E2DD044DD34432FC /* Frameworks */ = {
			isa = PBXGroup;
			children = (
				D35AF013A5F0BAD4F32504907A52519E /* iOS */,
			);
			name = Frameworks;
			sourceTree = "<group>";
		};
		C2B5FA4FDA13A43AFE5728F3B82BEDF9 /* FirebaseAnalytics */ = {
			isa = PBXGroup;
			children = (
				68A33CE587A9FF012AA042ADF79D2F02 /* Frameworks */,
			);
			name = FirebaseAnalytics;
			path = FirebaseAnalytics;
			sourceTree = "<group>";
		};
		D35AF013A5F0BAD4F32504907A52519E /* iOS */ = {
			isa = PBXGroup;
			children = (
				6604A7D69453B4569E4E4827FB9155A9 /* Foundation.framework */,
			);
			name = iOS;
			sourceTree = "<group>";
		};
		E088EA80F1357615ADBF9A6451575F77 /* Pods-CalminderTests */ = {
			isa = PBXGroup;
			children = (
				C794F5E7447BCD5DFE5733D592FD663A /* Info.plist */,
				C3AA964873178C3A1A547D84E16A2F02 /* Pods-CalminderTests.modulemap */,
				BAD516643D99B1BA0A1DC5D651257393 /* Pods-CalminderTests-acknowledgements.markdown */,
				B7E2ABAA2A8E82FD328851CCBD075567 /* Pods-CalminderTests-acknowledgements.plist */,
				C9DA85259BEC4E1B0BF01B16A95A8BD1 /* Pods-CalminderTests-dummy.m */,
				3083571531C7179BFAFBA86FE0260C6D /* Pods-CalminderTests-frameworks.sh */,
				76103A544A5D7E9BD360C2C1C75685EE /* Pods-CalminderTests-resources.sh */,
				7745655618FD34619FC95FE03F7E7A7D /* Pods-CalminderTests-umbrella.h */,
				6D7AE0D0DB7537D6678538E13EFB6DAF /* Pods-CalminderTests.debug.xcconfig */,
				C16430B954BA1376A0B2FCEA0820ECF5 /* Pods-CalminderTests.release.xcconfig */,
			);
			name = "Pods-CalminderTests";
			path = "Target Support Files/Pods-CalminderTests";
			sourceTree = "<group>";
		};
		F57D027D167CEF0943B885AD63CABC95 /* Pods */ = {
			isa = PBXGroup;
			children = (
				251C70343DAB7B5CCCA8BEA1728FD0DA /* Firebase */,
				C2B5FA4FDA13A43AFE5728F3B82BEDF9 /* FirebaseAnalytics */,
				2F0B16A70FA3736A89CAEEE777D7E8B0 /* FirebaseCore */,
				9FB840BEBEC9103663BCAADB5A24C7BC /* FirebaseCrash */,
				AB1219D29EF58B9F9DFFD28C0F8F34A7 /* FirebaseDatabase */,
				83FEE8379F74ABD24B4239B5468A2532 /* FirebaseInstanceID */,
				6941FF996718A8905E40649C29F7358C /* GoogleToolboxForMac */,
				FE1F856E0E300E61778814286DF98041 /* Protobuf */,
			);
			name = Pods;
			sourceTree = "<group>";
		};
		F8EC1CA6491E3E88512386C45294C842 /* Support Files */ = {
			isa = PBXGroup;
			children = (
				098A0BF230FE5FFF52FB878A4BCDB3D1 /* Info.plist */,
				064954E53EAB138DE7F02DEC09C48D3D /* Protobuf.modulemap */,
				3601BEDEDF1D46001BF14B8CFD3385EC /* Protobuf.xcconfig */,
				320FE4C124F9016940949FD44A884E1C /* Protobuf-dummy.m */,
				FBE8232414D3B611D75DC8769B84F258 /* Protobuf-prefix.pch */,
				5EDD6C21EE09737EC9D81C71413EAE91 /* Protobuf-umbrella.h */,
			);
			name = "Support Files";
			path = "../Target Support Files/Protobuf";
			sourceTree = "<group>";
		};
		FE1F856E0E300E61778814286DF98041 /* Protobuf */ = {
			isa = PBXGroup;
			children = (
				8E618EF489E1525782DEB140B4805DDF /* Any.pbobjc.h */,
				408B065F021DB8123AA189402D049D7E /* Any.pbobjc.m */,
				2B8596D8EE2DFC451B080670A7F0F7AB /* Api.pbobjc.h */,
				9970E3C86A8EB5AE3AA57567E1E987FB /* Api.pbobjc.m */,
				C78E273A11434AF6A3C0489D0C3D8AEB /* Duration.pbobjc.h */,
				1A89906F03CD0FD0E7D9FFC8A2ECAAB8 /* Duration.pbobjc.m */,
				5C924E56F628F41947DF5472DD755ADD /* Empty.pbobjc.h */,
				01C3316A9818F36FE72CB279EAE91792 /* Empty.pbobjc.m */,
				A92D5BE2EB4F6003AC3488E00AB4EEBF /* FieldMask.pbobjc.h */,
				1271ECA7BDDFC24677BDE5BC3E22A328 /* FieldMask.pbobjc.m */,
				BF8D622C2086925A269CE0915F51B8E0 /* GPBArray.h */,
				B5375FC83954F9F15503552BC0A48E89 /* GPBArray.m */,
				E9910F3942CA2DEB7DC85F96E136B30F /* GPBArray_PackagePrivate.h */,
				86356E17B6246E47931C984A268B20F3 /* GPBBootstrap.h */,
				A3903268A7DAE5046F1ADF7A2DE25D5C /* GPBCodedInputStream.h */,
				CECA2B7990DC6314B6899F4F9B3D68C0 /* GPBCodedInputStream.m */,
				01F8D183E3DC02E8592C80191FCF4742 /* GPBCodedInputStream_PackagePrivate.h */,
				BE24BDC3FB7F69564354055EE576EC64 /* GPBCodedOutputStream.h */,
				C6768ADED75D48B59537AA289E0CE3F6 /* GPBCodedOutputStream.m */,
				F183585C387D3BBA96295A1B062DB185 /* GPBCodedOutputStream_PackagePrivate.h */,
				87A75FFFC95181DC6D5D2594A4A265C1 /* GPBDescriptor.h */,
				E3148A0CF2DACC17DB416FA66A924AAE /* GPBDescriptor.m */,
				5A3056AA9BFEFD5313D07AADBE23E1DE /* GPBDescriptor_PackagePrivate.h */,
				E0D0621D8E6939A02FF962A484B4F5B6 /* GPBDictionary.h */,
				ED3F10FD7233169D3175A482B2243E30 /* GPBDictionary.m */,
				6C2FCC6438DC5B06AB707F5B5DF077DE /* GPBDictionary_PackagePrivate.h */,
				1B6E2B0A33DB4269D45956F2CC46959D /* GPBExtensionInternals.h */,
				EB7066835F82372A1644D3AA8D9C45D6 /* GPBExtensionInternals.m */,
				61F5AB86AA127D5DCC3998D2362122F3 /* GPBExtensionRegistry.h */,
				463A1FB3236B82AB6B8753402C61359B /* GPBExtensionRegistry.m */,
				F2832C323660281D4A91BCCF863E0816 /* GPBMessage.h */,
				936B37FDC87A08FE761AB47AC268FD93 /* GPBMessage.m */,
				0E80731692827D784465D24E8B40672B /* GPBMessage_PackagePrivate.h */,
				BED304007350D1DF98A4B3AC154C494F /* GPBProtocolBuffers.h */,
				BF86A62BAABA55BE1CDA6942ADCA0E7D /* GPBProtocolBuffers_RuntimeSupport.h */,
				3AE2F1CEFA95B2C6C93024B9BD9BFAA0 /* GPBRootObject.h */,
				FA18425413C3E4486948DD45007DEB2A /* GPBRootObject.m */,
				4CF577E8D90680852A52D54FA65D6853 /* GPBRootObject_PackagePrivate.h */,
				EB3E9E1F3D7CFD34A4E2893C09FB1E37 /* GPBRuntimeTypes.h */,
				740F5106E23612D863B9A86069D897C1 /* GPBUnknownField.h */,
				FAF9F02EA2FFAAE3C1131C5611BC7721 /* GPBUnknownField.m */,
				82DC39AA76B13590472E0EAC068EA636 /* GPBUnknownField_PackagePrivate.h */,
				2D65F07335A8D7423FD139E059152473 /* GPBUnknownFieldSet.h */,
				02E10044B408A15E045668856E90315F /* GPBUnknownFieldSet.m */,
				2289175BC4C1AA86DFD43BA266246BC9 /* GPBUnknownFieldSet_PackagePrivate.h */,
				F3011C7137655AA00FE9A8767E91EE5A /* GPBUtilities.h */,
				4C7E1787406A3AC7F2E200CBA5A0CB91 /* GPBUtilities.m */,
				5A09595016CAD5008FCCFC35F72043FA /* GPBUtilities_PackagePrivate.h */,
				D7A8D4B3A272B4A71DAE7FCC47CCB043 /* GPBWellKnownTypes.h */,
				DD45595F088EC115DBB2F8C868BC5ED1 /* GPBWellKnownTypes.m */,
				FDBE0BC9957220E6B538EA8CCC674546 /* GPBWireFormat.h */,
				8F39744FD72E66F088C8F8A39CDB7CA3 /* GPBWireFormat.m */,
				24BA27627CC1C55E3798D203801E53CA /* SourceContext.pbobjc.h */,
				CE9B9D77ED27C511F9743F34D5CF6B65 /* SourceContext.pbobjc.m */,
				9DBB0ECEEAC3CE0801210F80BB59158C /* Struct.pbobjc.h */,
				7F8873283EEFC3D6B0496B2125F10FF3 /* Struct.pbobjc.m */,
				E798F49F821DFABAB7A59EABDAAB6397 /* Timestamp.pbobjc.h */,
				5D7DBCA1D9C1B514D8847B3C67736756 /* Timestamp.pbobjc.m */,
				48B243FF6BA966EE618539FD6CA95091 /* Type.pbobjc.h */,
				6F08EEA789D38AB09F35DB6421203F43 /* Type.pbobjc.m */,
				8186D829D4BE882FE78A4FBAFE71DE99 /* Wrappers.pbobjc.h */,
				98B7578F9E79EB9128176F593694FF67 /* Wrappers.pbobjc.m */,
				F8EC1CA6491E3E88512386C45294C842 /* Support Files */,
			);
			name = Protobuf;
			path = Protobuf;
			sourceTree = "<group>";
		};
		FE6CD49E7CD05D6D67D0E4B31BF70F40 /* Defines */ = {
			isa = PBXGroup;
			children = (
				DC9DFE154342BE29730A6C607DC263B2 /* GTMDefines.h */,
			);
			name = Defines;
			sourceTree = "<group>";
		};
/* End PBXGroup section */

/* Begin PBXHeadersBuildPhase section */
		20FCFF54254014D51018E3EE654E7D14 /* Headers */ = {
			isa = PBXHeadersBuildPhase;
			buildActionMask = 2147483647;
			files = (
				FC86C1300A435658C62F5F78D0369109 /* Pods-CalminderUITests-umbrella.h in Headers */,
			);
			runOnlyForDeploymentPostprocessing = 0;
		};
		5365052DAB06CF3539452D9C903B96D4 /* Headers */ = {
			isa = PBXHeadersBuildPhase;
			buildActionMask = 2147483647;
			files = (
				0750C3F3291A326B5276B4B9EABB7B0F /* Pods-Calminder-umbrella.h in Headers */,
			);
			runOnlyForDeploymentPostprocessing = 0;
		};
		54326D87E5F0E0B4CE5374339DB27A2F /* Headers */ = {
			isa = PBXHeadersBuildPhase;
			buildActionMask = 2147483647;
			files = (
				7108112E7B580423ED4611DF5E237E88 /* Pods-CalminderTests-umbrella.h in Headers */,
			);
			runOnlyForDeploymentPostprocessing = 0;
		};
		8DCB9EDA7A875C569896B09ADC5370EC /* Headers */ = {
			isa = PBXHeadersBuildPhase;
			buildActionMask = 2147483647;
			files = (
				1CF97649D5FE265FB08413B741B4319C /* Any.pbobjc.h in Headers */,
				BCA5BFEECEAAAC3C2DF7E8AA8F413842 /* Api.pbobjc.h in Headers */,
				678A7856C1037FFD8D2FFED8AEE64BD5 /* Duration.pbobjc.h in Headers */,
				C55DCB056E61CAA8F7F130294E577687 /* Empty.pbobjc.h in Headers */,
				032388C5C7E7D1C5AD327E94D53B9275 /* FieldMask.pbobjc.h in Headers */,
				BD8C844F28ADCD8FFFACDEC8DF903260 /* GPBArray.h in Headers */,
				75A71ED681116AD804872F7A03C7F106 /* GPBArray_PackagePrivate.h in Headers */,
				F19D42B540E63B909794A575A1E5A0D1 /* GPBBootstrap.h in Headers */,
				7782104DF21457BB6078FF689815C2A0 /* GPBCodedInputStream.h in Headers */,
				85CA0A5587EE9B89CF8DCECAE1C9F716 /* GPBCodedInputStream_PackagePrivate.h in Headers */,
				33F763F6DF430416CEDA3B4C58C37582 /* GPBCodedOutputStream.h in Headers */,
				1BFB5C28274F7DF0FD9CE9461E1F8E74 /* GPBCodedOutputStream_PackagePrivate.h in Headers */,
				1189A700F456F91F9AC964725D0272A9 /* GPBDescriptor.h in Headers */,
				0D58E01099A31F80FC1F88AB57D86DF2 /* GPBDescriptor_PackagePrivate.h in Headers */,
				0B8BC4712DBE3A72F948234D4A50AFAB /* GPBDictionary.h in Headers */,
				E41F54F4E580FB307C66568A0C0FC0A5 /* GPBDictionary_PackagePrivate.h in Headers */,
				3B0F6D82C927591299AA9A1439DD4259 /* GPBExtensionInternals.h in Headers */,
				0F0523333DAD3B770FB5EE61A69C5043 /* GPBExtensionRegistry.h in Headers */,
				7DD2A8999A0DA0EBA184CF35FC01E0D3 /* GPBMessage.h in Headers */,
				625982189FED4B7EC3286230C4235B2B /* GPBMessage_PackagePrivate.h in Headers */,
				F81F5586E2754E749A36672E2D60D0B9 /* GPBProtocolBuffers.h in Headers */,
				8FC6E38B68940BA746AF5E788B515555 /* GPBProtocolBuffers_RuntimeSupport.h in Headers */,
				DA94040DF8554E79D96A86FDDF28F98A /* GPBRootObject.h in Headers */,
				20C72A58E22FC9FBA8DADFA3C78367FB /* GPBRootObject_PackagePrivate.h in Headers */,
				90D55C038FB82C0965786D9DCBBD2AB4 /* GPBRuntimeTypes.h in Headers */,
				0CFF06C0208444F969A6373C3FE9FDDB /* GPBUnknownField.h in Headers */,
				F3AB67D17ECB35CC116028523734865C /* GPBUnknownField_PackagePrivate.h in Headers */,
				79258866C70C719D151F5A6117E2D961 /* GPBUnknownFieldSet.h in Headers */,
				E354248D70ADC89371F122969A420BE9 /* GPBUnknownFieldSet_PackagePrivate.h in Headers */,
				252835D4E12C449ACE6D253094FF1CB8 /* GPBUtilities.h in Headers */,
				EFC5B002111B6015DCFA7AF01DFB6A4D /* GPBUtilities_PackagePrivate.h in Headers */,
				DBD6EF28BC77DC40707483390A3F72AB /* GPBWellKnownTypes.h in Headers */,
				B0F8AE656D955635D78920B81552B70B /* GPBWireFormat.h in Headers */,
				B922952BD2D4C4C2DE419513221DE20A /* Protobuf-umbrella.h in Headers */,
				CC7D252703BE0FA6DE4240D63B485589 /* SourceContext.pbobjc.h in Headers */,
				DD6C5BED021B81954B3FB90D38865BB0 /* Struct.pbobjc.h in Headers */,
				0D24809D0413CBEDD17407560CCF9140 /* Timestamp.pbobjc.h in Headers */,
				90D9A16896AC29AD8DEAB807B450A3DE /* Type.pbobjc.h in Headers */,
				4CFAC636F793E5D8F3C118F19A902A1C /* Wrappers.pbobjc.h in Headers */,
			);
			runOnlyForDeploymentPostprocessing = 0;
		};
		A65C674BC8B355E13D74FD423DC8F657 /* Headers */ = {
			isa = PBXHeadersBuildPhase;
			buildActionMask = 2147483647;
			files = (
				ED66F8BD1D43065D931F2C8890806447 /* GoogleToolboxForMac-umbrella.h in Headers */,
				3E3B4CF239527A39CD308EBA9676FD8F /* GTMDefines.h in Headers */,
				0FF8F27F896850DB2973C4E26EC1F7EE /* GTMLogger.h in Headers */,
				755F55A7D577254B73EA7FEABA8E98E0 /* GTMNSData+zlib.h in Headers */,
			);
			runOnlyForDeploymentPostprocessing = 0;
		};
/* End PBXHeadersBuildPhase section */

/* Begin PBXNativeTarget section */
		10E77ED1C53D44EB4FBC8CEBDC4A4021 /* Pods-Calminder */ = {
			isa = PBXNativeTarget;
			buildConfigurationList = D694D3610897079EE78B28D6D920101A /* Build configuration list for PBXNativeTarget "Pods-Calminder" */;
			buildPhases = (
				E9925152156E6E06B62471789B52DC81 /* Sources */,
				28EC482898AB316E312962E5109BDF90 /* Frameworks */,
				5365052DAB06CF3539452D9C903B96D4 /* Headers */,
			);
			buildRules = (
			);
			dependencies = (
				F13973F03ACAA809B84C055BFB8EE312 /* PBXTargetDependency */,
				343312BD8C6AB2ED26A60202708204C2 /* PBXTargetDependency */,
			);
			name = "Pods-Calminder";
			productName = "Pods-Calminder";
			productReference = A545A8F96342F713F89CB32C190D432D /* Pods_Calminder.framework */;
			productType = "com.apple.product-type.framework";
		};
		400B0394F51F4AC5B209402E59A0251C /* Pods-CalminderUITests */ = {
			isa = PBXNativeTarget;
			buildConfigurationList = B561BEF9F6656EDBA4C0D929BB996C60 /* Build configuration list for PBXNativeTarget "Pods-CalminderUITests" */;
			buildPhases = (
				5D38ECCE10C7EF5507D87EECA3BEA67B /* Sources */,
				F907B2D99F9C60359107CBB3EE4F5643 /* Frameworks */,
				20FCFF54254014D51018E3EE654E7D14 /* Headers */,
			);
			buildRules = (
			);
			dependencies = (
			);
			name = "Pods-CalminderUITests";
			productName = "Pods-CalminderUITests";
			productReference = F53BE39C1EFE0886716A150729987E78 /* Pods_CalminderUITests.framework */;
			productType = "com.apple.product-type.framework";
		};
		85727BAFE5B0F8A8E8B3740D832B277D /* Pods-CalminderTests */ = {
			isa = PBXNativeTarget;
			buildConfigurationList = AECF39C3185B1515164DD815F2B39263 /* Build configuration list for PBXNativeTarget "Pods-CalminderTests" */;
			buildPhases = (
				C79A0180AFAB21B17C26531AEA55BEDD /* Sources */,
				92709EDEE4C6DA544BE1F984EE1AD6C1 /* Frameworks */,
				54326D87E5F0E0B4CE5374339DB27A2F /* Headers */,
			);
			buildRules = (
			);
			dependencies = (
			);
			name = "Pods-CalminderTests";
			productName = "Pods-CalminderTests";
			productReference = F102E231EB9E754FD2C53D1207FF37EA /* Pods_CalminderTests.framework */;
			productType = "com.apple.product-type.framework";
		};
		C5B80060FE8C664DF08841000F41D515 /* GoogleToolboxForMac */ = {
			isa = PBXNativeTarget;
			buildConfigurationList = A7DCD5CC93C327FAB5EAF73A7ECA9866 /* Build configuration list for PBXNativeTarget "GoogleToolboxForMac" */;
			buildPhases = (
				EF9AB148BBDF7952FC3CFBFF4694161B /* Sources */,
				C5FBD50589CE2C516975A62886A56E07 /* Frameworks */,
				A65C674BC8B355E13D74FD423DC8F657 /* Headers */,
			);
			buildRules = (
			);
			dependencies = (
			);
			name = GoogleToolboxForMac;
			productName = GoogleToolboxForMac;
			productReference = 50F92FB1B361B19025B878D78EE80582 /* GoogleToolboxForMac.framework */;
			productType = "com.apple.product-type.framework";
		};
		E72CFA821AF0CF6E6F146413F1DDC414 /* Protobuf */ = {
			isa = PBXNativeTarget;
			buildConfigurationList = 8A204A2A90D2E90606ECEB50D8D3B514 /* Build configuration list for PBXNativeTarget "Protobuf" */;
			buildPhases = (
				9A63E526A33994719BD5F63CD4CDA1D0 /* Sources */,
				A90436D0C5E59A2C8168E2F6CD82B9CE /* Frameworks */,
				8DCB9EDA7A875C569896B09ADC5370EC /* Headers */,
			);
			buildRules = (
			);
			dependencies = (
			);
			name = Protobuf;
			productName = Protobuf;
			productReference = 0FAE4BD72C212F84C85630EA2A166EB3 /* Protobuf.framework */;
			productType = "com.apple.product-type.framework";
		};
/* End PBXNativeTarget section */

/* Begin PBXProject section */
		D41D8CD98F00B204E9800998ECF8427E /* Project object */ = {
			isa = PBXProject;
			attributes = {
				LastSwiftUpdateCheck = 0830;
				LastUpgradeCheck = 0700;
			};
			buildConfigurationList = 2D8E8EC45A3A1A1D94AE762CB5028504 /* Build configuration list for PBXProject "Pods" */;
			compatibilityVersion = "Xcode 3.2";
			developmentRegion = English;
			hasScannedForEncodings = 0;
			knownRegions = (
				en,
			);
			mainGroup = 7DB346D0F39D3F0E887471402A8071AB;
			productRefGroup = AA56EC482E65A94EA2EA960A0D8E8231 /* Products */;
			projectDirPath = "";
			projectRoot = "";
			targets = (
				C5B80060FE8C664DF08841000F41D515 /* GoogleToolboxForMac */,
				10E77ED1C53D44EB4FBC8CEBDC4A4021 /* Pods-Calminder */,
				85727BAFE5B0F8A8E8B3740D832B277D /* Pods-CalminderTests */,
				400B0394F51F4AC5B209402E59A0251C /* Pods-CalminderUITests */,
				E72CFA821AF0CF6E6F146413F1DDC414 /* Protobuf */,
			);
		};
/* End PBXProject section */

/* Begin PBXSourcesBuildPhase section */
		5D38ECCE10C7EF5507D87EECA3BEA67B /* Sources */ = {
			isa = PBXSourcesBuildPhase;
			buildActionMask = 2147483647;
			files = (
				0F5E0E44DB12F0F1D18C24EAF78F5141 /* Pods-CalminderUITests-dummy.m in Sources */,
			);
			runOnlyForDeploymentPostprocessing = 0;
		};
		9A63E526A33994719BD5F63CD4CDA1D0 /* Sources */ = {
			isa = PBXSourcesBuildPhase;
			buildActionMask = 2147483647;
			files = (
				4F58D353F28C8D9253411BA01A0023C2 /* Any.pbobjc.m in Sources */,
				71844B28475B6F90C999698F32C4B2D8 /* Api.pbobjc.m in Sources */,
				67D27677F2250513BD1FAE692BC2E184 /* Duration.pbobjc.m in Sources */,
				AA7646DFFB54880DD08ED3C44838515F /* Empty.pbobjc.m in Sources */,
				C98B421CA97B7B3E6B3375B6010032D6 /* FieldMask.pbobjc.m in Sources */,
				EC560C9718B14B15DDE38E4D2F5DF588 /* GPBArray.m in Sources */,
				362991FF8AB205F6C49C3F7CABB04A04 /* GPBCodedInputStream.m in Sources */,
				5BA2C0013F995D02032DA5D2E1355A3D /* GPBCodedOutputStream.m in Sources */,
				DF3C7EB31BA780C7A1BF014105B8634A /* GPBDescriptor.m in Sources */,
				F378E6939A1642C6643C55848BDD89CB /* GPBDictionary.m in Sources */,
				2210A1C34F62D71F8CD93D70F3312B68 /* GPBExtensionInternals.m in Sources */,
				00568E39A5B796208DB7829C3C7F18B6 /* GPBExtensionRegistry.m in Sources */,
				67F79C28BC6104E05758D82770FCD4F6 /* GPBMessage.m in Sources */,
				4F42CF01B4A91C26A76DDAE5CE3FAA53 /* GPBRootObject.m in Sources */,
				4959B7A960EC710625AEC6850D136325 /* GPBUnknownField.m in Sources */,
				7B75AB2B5E502699F5CB5304E0711BD4 /* GPBUnknownFieldSet.m in Sources */,
				4C422FE2BDC15661ED1B74E908767B87 /* GPBUtilities.m in Sources */,
				89C0060909041A5CB625C741B9BE828A /* GPBWellKnownTypes.m in Sources */,
				75961F965C8E18207132D0964197615C /* GPBWireFormat.m in Sources */,
				340CF56FBF089F4BA0A1EAC18D29342F /* Protobuf-dummy.m in Sources */,
				BF166F146077074D31EDEF7DD3B8D7BB /* SourceContext.pbobjc.m in Sources */,
				2EF16DE88A81DBD8B3BE9F116780B09D /* Struct.pbobjc.m in Sources */,
				8B0636874400109FF84D89BCAAAD7F23 /* Timestamp.pbobjc.m in Sources */,
				8BEE0CB9E51955DC7AE5B66CB057F747 /* Type.pbobjc.m in Sources */,
				226570C8F7719BA5A35A294CFBC9F119 /* Wrappers.pbobjc.m in Sources */,
			);
			runOnlyForDeploymentPostprocessing = 0;
		};
		C79A0180AFAB21B17C26531AEA55BEDD /* Sources */ = {
			isa = PBXSourcesBuildPhase;
			buildActionMask = 2147483647;
			files = (
				695A81DC8BE028E836E26470C80271AE /* Pods-CalminderTests-dummy.m in Sources */,
			);
			runOnlyForDeploymentPostprocessing = 0;
		};
		E9925152156E6E06B62471789B52DC81 /* Sources */ = {
			isa = PBXSourcesBuildPhase;
			buildActionMask = 2147483647;
			files = (
				7A866F550CD81E489D699D6F44DED63B /* Pods-Calminder-dummy.m in Sources */,
			);
			runOnlyForDeploymentPostprocessing = 0;
		};
		EF9AB148BBDF7952FC3CFBFF4694161B /* Sources */ = {
			isa = PBXSourcesBuildPhase;
			buildActionMask = 2147483647;
			files = (
				64418457D16D9A2F28F496AC75FC7DBD /* GoogleToolboxForMac-dummy.m in Sources */,
				AB4F0970071E34D0384341466E0468EF /* GTMLogger.m in Sources */,
				9101CEA8562055177732244271008BBB /* GTMNSData+zlib.m in Sources */,
			);
			runOnlyForDeploymentPostprocessing = 0;
		};
/* End PBXSourcesBuildPhase section */

/* Begin PBXTargetDependency section */
		343312BD8C6AB2ED26A60202708204C2 /* PBXTargetDependency */ = {
			isa = PBXTargetDependency;
			name = Protobuf;
			target = E72CFA821AF0CF6E6F146413F1DDC414 /* Protobuf */;
			targetProxy = 21EB037CC1B39083977D8B623745264F /* PBXContainerItemProxy */;
		};
		F13973F03ACAA809B84C055BFB8EE312 /* PBXTargetDependency */ = {
			isa = PBXTargetDependency;
			name = GoogleToolboxForMac;
			target = C5B80060FE8C664DF08841000F41D515 /* GoogleToolboxForMac */;
			targetProxy = 59A72098C0CAE082CEB14AA4F411862D /* PBXContainerItemProxy */;
		};
/* End PBXTargetDependency section */

/* Begin XCBuildConfiguration section */
		166E2CAC58E8608AD59A6F0B71C9C3E0 /* Debug */ = {
			isa = XCBuildConfiguration;
			buildSettings = {
				ALWAYS_SEARCH_USER_PATHS = NO;
				CLANG_ANALYZER_NONNULL = YES;
				CLANG_ANALYZER_NUMBER_OBJECT_CONVERSION = YES;
				CLANG_CXX_LANGUAGE_STANDARD = "gnu++0x";
				CLANG_CXX_LIBRARY = "libc++";
				CLANG_ENABLE_MODULES = YES;
				CLANG_ENABLE_OBJC_ARC = YES;
				CLANG_WARN_BOOL_CONVERSION = YES;
				CLANG_WARN_CONSTANT_CONVERSION = YES;
				CLANG_WARN_DIRECT_OBJC_ISA_USAGE = YES;
				CLANG_WARN_DOCUMENTATION_COMMENTS = YES;
				CLANG_WARN_EMPTY_BODY = YES;
				CLANG_WARN_ENUM_CONVERSION = YES;
				CLANG_WARN_INFINITE_RECURSION = YES;
				CLANG_WARN_INT_CONVERSION = YES;
				CLANG_WARN_OBJC_ROOT_CLASS = YES;
				CLANG_WARN_SUSPICIOUS_MOVE = YES;
				CLANG_WARN_UNREACHABLE_CODE = YES;
				CLANG_WARN__DUPLICATE_METHOD_MATCH = YES;
				CODE_SIGNING_REQUIRED = NO;
				COPY_PHASE_STRIP = NO;
				ENABLE_TESTABILITY = YES;
				GCC_C_LANGUAGE_STANDARD = gnu99;
				GCC_DYNAMIC_NO_PIC = NO;
				GCC_OPTIMIZATION_LEVEL = 0;
				GCC_PREPROCESSOR_DEFINITIONS = (
					"POD_CONFIGURATION_DEBUG=1",
					"DEBUG=1",
					"$(inherited)",
				);
				GCC_SYMBOLS_PRIVATE_EXTERN = NO;
				GCC_WARN_64_TO_32_BIT_CONVERSION = YES;
				GCC_WARN_ABOUT_RETURN_TYPE = YES;
				GCC_WARN_UNDECLARED_SELECTOR = YES;
				GCC_WARN_UNINITIALIZED_AUTOS = YES;
				GCC_WARN_UNUSED_FUNCTION = YES;
				GCC_WARN_UNUSED_VARIABLE = YES;
				IPHONEOS_DEPLOYMENT_TARGET = 10.2;
				ONLY_ACTIVE_ARCH = YES;
				PROVISIONING_PROFILE_SPECIFIER = NO_SIGNING/;
				STRIP_INSTALLED_PRODUCT = NO;
				SYMROOT = "${SRCROOT}/../build";
			};
			name = Debug;
		};
		1F0D36A4CF71C120054C51C567322E95 /* Debug */ = {
			isa = XCBuildConfiguration;
			baseConfigurationReference = 3601BEDEDF1D46001BF14B8CFD3385EC /* Protobuf.xcconfig */;
			buildSettings = {
				CODE_SIGN_IDENTITY = "";
				"CODE_SIGN_IDENTITY[sdk=appletvos*]" = "";
				"CODE_SIGN_IDENTITY[sdk=iphoneos*]" = "";
				"CODE_SIGN_IDENTITY[sdk=watchos*]" = "";
				CURRENT_PROJECT_VERSION = 1;
				DEBUG_INFORMATION_FORMAT = dwarf;
				DEFINES_MODULE = YES;
				DYLIB_COMPATIBILITY_VERSION = 1;
				DYLIB_CURRENT_VERSION = 1;
				DYLIB_INSTALL_NAME_BASE = "@rpath";
				ENABLE_STRICT_OBJC_MSGSEND = YES;
				GCC_NO_COMMON_BLOCKS = YES;
				GCC_PREFIX_HEADER = "Target Support Files/Protobuf/Protobuf-prefix.pch";
				INFOPLIST_FILE = "Target Support Files/Protobuf/Info.plist";
				INSTALL_PATH = "$(LOCAL_LIBRARY_DIR)/Frameworks";
				IPHONEOS_DEPLOYMENT_TARGET = 8.0;
				LD_RUNPATH_SEARCH_PATHS = "$(inherited) @executable_path/Frameworks @loader_path/Frameworks";
				MODULEMAP_FILE = "Target Support Files/Protobuf/Protobuf.modulemap";
				MTL_ENABLE_DEBUG_INFO = YES;
				PRODUCT_NAME = Protobuf;
				SDKROOT = iphoneos;
				SKIP_INSTALL = YES;
				SWIFT_VERSION = 3.0;
				TARGETED_DEVICE_FAMILY = "1,2";
				VERSIONING_SYSTEM = "apple-generic";
				VERSION_INFO_PREFIX = "";
			};
			name = Debug;
		};
		222F77FD0E039E5214111E2B88716E59 /* Release */ = {
			isa = XCBuildConfiguration;
			baseConfigurationReference = EDAAD2EE31968AF93D743EAE19DE7B0C /* Pods-CalminderUITests.release.xcconfig */;
			buildSettings = {
				CODE_SIGN_IDENTITY = "";
				"CODE_SIGN_IDENTITY[sdk=appletvos*]" = "";
				"CODE_SIGN_IDENTITY[sdk=iphoneos*]" = "";
				"CODE_SIGN_IDENTITY[sdk=watchos*]" = "";
				CURRENT_PROJECT_VERSION = 1;
				DEBUG_INFORMATION_FORMAT = "dwarf-with-dsym";
				DEFINES_MODULE = YES;
				DYLIB_COMPATIBILITY_VERSION = 1;
				DYLIB_CURRENT_VERSION = 1;
				DYLIB_INSTALL_NAME_BASE = "@rpath";
				ENABLE_STRICT_OBJC_MSGSEND = YES;
				GCC_NO_COMMON_BLOCKS = YES;
				INFOPLIST_FILE = "Target Support Files/Pods-CalminderUITests/Info.plist";
				INSTALL_PATH = "$(LOCAL_LIBRARY_DIR)/Frameworks";
				IPHONEOS_DEPLOYMENT_TARGET = 10.2;
				LD_RUNPATH_SEARCH_PATHS = "$(inherited) @executable_path/Frameworks @loader_path/Frameworks";
				MACH_O_TYPE = staticlib;
				MODULEMAP_FILE = "Target Support Files/Pods-CalminderUITests/Pods-CalminderUITests.modulemap";
				MTL_ENABLE_DEBUG_INFO = NO;
				OTHER_LDFLAGS = "";
				OTHER_LIBTOOLFLAGS = "";
				PODS_ROOT = "$(SRCROOT)";
				PRODUCT_BUNDLE_IDENTIFIER = "org.cocoapods.${PRODUCT_NAME:rfc1034identifier}";
				PRODUCT_NAME = Pods_CalminderUITests;
				SDKROOT = iphoneos;
				SKIP_INSTALL = YES;
				TARGETED_DEVICE_FAMILY = "1,2";
				VERSIONING_SYSTEM = "apple-generic";
				VERSION_INFO_PREFIX = "";
			};
			name = Release;
		};
		4C1ABB561424C9B8C2C88F5A63FAD4C6 /* Debug */ = {
			isa = XCBuildConfiguration;
			baseConfigurationReference = 829C4873C3FC6F90CF4A64A74DE74D76 /* GoogleToolboxForMac.xcconfig */;
			buildSettings = {
				CODE_SIGN_IDENTITY = "";
				"CODE_SIGN_IDENTITY[sdk=appletvos*]" = "";
				"CODE_SIGN_IDENTITY[sdk=iphoneos*]" = "";
				"CODE_SIGN_IDENTITY[sdk=watchos*]" = "";
				CURRENT_PROJECT_VERSION = 1;
				DEBUG_INFORMATION_FORMAT = dwarf;
				DEFINES_MODULE = YES;
				DYLIB_COMPATIBILITY_VERSION = 1;
				DYLIB_CURRENT_VERSION = 1;
				DYLIB_INSTALL_NAME_BASE = "@rpath";
				ENABLE_STRICT_OBJC_MSGSEND = YES;
				GCC_NO_COMMON_BLOCKS = YES;
				GCC_PREFIX_HEADER = "Target Support Files/GoogleToolboxForMac/GoogleToolboxForMac-prefix.pch";
				INFOPLIST_FILE = "Target Support Files/GoogleToolboxForMac/Info.plist";
				INSTALL_PATH = "$(LOCAL_LIBRARY_DIR)/Frameworks";
				IPHONEOS_DEPLOYMENT_TARGET = 8.0;
				LD_RUNPATH_SEARCH_PATHS = "$(inherited) @executable_path/Frameworks @loader_path/Frameworks";
				MODULEMAP_FILE = "Target Support Files/GoogleToolboxForMac/GoogleToolboxForMac.modulemap";
				MTL_ENABLE_DEBUG_INFO = YES;
				PRODUCT_NAME = GoogleToolboxForMac;
				SDKROOT = iphoneos;
				SKIP_INSTALL = YES;
				SWIFT_VERSION = 3.0;
				TARGETED_DEVICE_FAMILY = "1,2";
				VERSIONING_SYSTEM = "apple-generic";
				VERSION_INFO_PREFIX = "";
			};
			name = Debug;
		};
		55217B5254951192337409BBD685A44C /* Release */ = {
			isa = XCBuildConfiguration;
			baseConfigurationReference = 71FD3DDEBC816F247651F0C38B9419ED /* Pods-Calminder.release.xcconfig */;
			buildSettings = {
				CODE_SIGN_IDENTITY = "";
				"CODE_SIGN_IDENTITY[sdk=appletvos*]" = "";
				"CODE_SIGN_IDENTITY[sdk=iphoneos*]" = "";
				"CODE_SIGN_IDENTITY[sdk=watchos*]" = "";
				CURRENT_PROJECT_VERSION = 1;
				DEBUG_INFORMATION_FORMAT = "dwarf-with-dsym";
				DEFINES_MODULE = YES;
				DYLIB_COMPATIBILITY_VERSION = 1;
				DYLIB_CURRENT_VERSION = 1;
				DYLIB_INSTALL_NAME_BASE = "@rpath";
				ENABLE_STRICT_OBJC_MSGSEND = YES;
				GCC_NO_COMMON_BLOCKS = YES;
				INFOPLIST_FILE = "Target Support Files/Pods-Calminder/Info.plist";
				INSTALL_PATH = "$(LOCAL_LIBRARY_DIR)/Frameworks";
				IPHONEOS_DEPLOYMENT_TARGET = 10.2;
				LD_RUNPATH_SEARCH_PATHS = "$(inherited) @executable_path/Frameworks @loader_path/Frameworks";
				MACH_O_TYPE = staticlib;
				MODULEMAP_FILE = "Target Support Files/Pods-Calminder/Pods-Calminder.modulemap";
				MTL_ENABLE_DEBUG_INFO = NO;
				OTHER_LDFLAGS = "";
				OTHER_LIBTOOLFLAGS = "";
				PODS_ROOT = "$(SRCROOT)";
				PRODUCT_BUNDLE_IDENTIFIER = "org.cocoapods.${PRODUCT_NAME:rfc1034identifier}";
				PRODUCT_NAME = Pods_Calminder;
				SDKROOT = iphoneos;
				SKIP_INSTALL = YES;
				TARGETED_DEVICE_FAMILY = "1,2";
				VERSIONING_SYSTEM = "apple-generic";
				VERSION_INFO_PREFIX = "";
			};
			name = Release;
		};
		6EE6297580FB80A98B4A3C8FF4A07121 /* Release */ = {
			isa = XCBuildConfiguration;
			baseConfigurationReference = 829C4873C3FC6F90CF4A64A74DE74D76 /* GoogleToolboxForMac.xcconfig */;
			buildSettings = {
				CODE_SIGN_IDENTITY = "";
				"CODE_SIGN_IDENTITY[sdk=appletvos*]" = "";
				"CODE_SIGN_IDENTITY[sdk=iphoneos*]" = "";
				"CODE_SIGN_IDENTITY[sdk=watchos*]" = "";
				CURRENT_PROJECT_VERSION = 1;
				DEBUG_INFORMATION_FORMAT = "dwarf-with-dsym";
				DEFINES_MODULE = YES;
				DYLIB_COMPATIBILITY_VERSION = 1;
				DYLIB_CURRENT_VERSION = 1;
				DYLIB_INSTALL_NAME_BASE = "@rpath";
				ENABLE_STRICT_OBJC_MSGSEND = YES;
				GCC_NO_COMMON_BLOCKS = YES;
				GCC_PREFIX_HEADER = "Target Support Files/GoogleToolboxForMac/GoogleToolboxForMac-prefix.pch";
				INFOPLIST_FILE = "Target Support Files/GoogleToolboxForMac/Info.plist";
				INSTALL_PATH = "$(LOCAL_LIBRARY_DIR)/Frameworks";
				IPHONEOS_DEPLOYMENT_TARGET = 8.0;
				LD_RUNPATH_SEARCH_PATHS = "$(inherited) @executable_path/Frameworks @loader_path/Frameworks";
				MODULEMAP_FILE = "Target Support Files/GoogleToolboxForMac/GoogleToolboxForMac.modulemap";
				MTL_ENABLE_DEBUG_INFO = NO;
				PRODUCT_NAME = GoogleToolboxForMac;
				SDKROOT = iphoneos;
				SKIP_INSTALL = YES;
				SWIFT_VERSION = 3.0;
				TARGETED_DEVICE_FAMILY = "1,2";
				VERSIONING_SYSTEM = "apple-generic";
				VERSION_INFO_PREFIX = "";
			};
			name = Release;
		};
		70B12D2B7C8FA1B274706C65F401B573 /* Debug */ = {
			isa = XCBuildConfiguration;
			baseConfigurationReference = 5DE36CC6A8BCBC1451886217BEF8AB78 /* Pods-CalminderUITests.debug.xcconfig */;
			buildSettings = {
				CODE_SIGN_IDENTITY = "";
				"CODE_SIGN_IDENTITY[sdk=appletvos*]" = "";
				"CODE_SIGN_IDENTITY[sdk=iphoneos*]" = "";
				"CODE_SIGN_IDENTITY[sdk=watchos*]" = "";
				CURRENT_PROJECT_VERSION = 1;
				DEBUG_INFORMATION_FORMAT = dwarf;
				DEFINES_MODULE = YES;
				DYLIB_COMPATIBILITY_VERSION = 1;
				DYLIB_CURRENT_VERSION = 1;
				DYLIB_INSTALL_NAME_BASE = "@rpath";
				ENABLE_STRICT_OBJC_MSGSEND = YES;
				GCC_NO_COMMON_BLOCKS = YES;
				INFOPLIST_FILE = "Target Support Files/Pods-CalminderUITests/Info.plist";
				INSTALL_PATH = "$(LOCAL_LIBRARY_DIR)/Frameworks";
				IPHONEOS_DEPLOYMENT_TARGET = 10.2;
				LD_RUNPATH_SEARCH_PATHS = "$(inherited) @executable_path/Frameworks @loader_path/Frameworks";
				MACH_O_TYPE = staticlib;
				MODULEMAP_FILE = "Target Support Files/Pods-CalminderUITests/Pods-CalminderUITests.modulemap";
				MTL_ENABLE_DEBUG_INFO = YES;
				OTHER_LDFLAGS = "";
				OTHER_LIBTOOLFLAGS = "";
				PODS_ROOT = "$(SRCROOT)";
				PRODUCT_BUNDLE_IDENTIFIER = "org.cocoapods.${PRODUCT_NAME:rfc1034identifier}";
				PRODUCT_NAME = Pods_CalminderUITests;
				SDKROOT = iphoneos;
				SKIP_INSTALL = YES;
				TARGETED_DEVICE_FAMILY = "1,2";
				VERSIONING_SYSTEM = "apple-generic";
				VERSION_INFO_PREFIX = "";
			};
			name = Debug;
		};
		AA0B5BDEB018901CD8F88AAD05F5B893 /* Release */ = {
			isa = XCBuildConfiguration;
			buildSettings = {
				ALWAYS_SEARCH_USER_PATHS = NO;
				CLANG_ANALYZER_NONNULL = YES;
				CLANG_ANALYZER_NUMBER_OBJECT_CONVERSION = YES;
				CLANG_CXX_LANGUAGE_STANDARD = "gnu++0x";
				CLANG_CXX_LIBRARY = "libc++";
				CLANG_ENABLE_MODULES = YES;
				CLANG_ENABLE_OBJC_ARC = YES;
				CLANG_WARN_BOOL_CONVERSION = YES;
				CLANG_WARN_CONSTANT_CONVERSION = YES;
				CLANG_WARN_DIRECT_OBJC_ISA_USAGE = YES;
				CLANG_WARN_DOCUMENTATION_COMMENTS = YES;
				CLANG_WARN_EMPTY_BODY = YES;
				CLANG_WARN_ENUM_CONVERSION = YES;
				CLANG_WARN_INFINITE_RECURSION = YES;
				CLANG_WARN_INT_CONVERSION = YES;
				CLANG_WARN_OBJC_ROOT_CLASS = YES;
				CLANG_WARN_SUSPICIOUS_MOVE = YES;
				CLANG_WARN_UNREACHABLE_CODE = YES;
				CLANG_WARN__DUPLICATE_METHOD_MATCH = YES;
				CODE_SIGNING_REQUIRED = NO;
				COPY_PHASE_STRIP = YES;
				ENABLE_NS_ASSERTIONS = NO;
				GCC_C_LANGUAGE_STANDARD = gnu99;
				GCC_PREPROCESSOR_DEFINITIONS = (
					"POD_CONFIGURATION_RELEASE=1",
					"$(inherited)",
				);
				GCC_WARN_64_TO_32_BIT_CONVERSION = YES;
				GCC_WARN_ABOUT_RETURN_TYPE = YES;
				GCC_WARN_UNDECLARED_SELECTOR = YES;
				GCC_WARN_UNINITIALIZED_AUTOS = YES;
				GCC_WARN_UNUSED_FUNCTION = YES;
				GCC_WARN_UNUSED_VARIABLE = YES;
				IPHONEOS_DEPLOYMENT_TARGET = 10.2;
				PROVISIONING_PROFILE_SPECIFIER = NO_SIGNING/;
				STRIP_INSTALLED_PRODUCT = NO;
				SYMROOT = "${SRCROOT}/../build";
				VALIDATE_PRODUCT = YES;
			};
			name = Release;
		};
		BC4897978F77EBC978C05318C3427AE3 /* Release */ = {
			isa = XCBuildConfiguration;
			baseConfigurationReference = 3601BEDEDF1D46001BF14B8CFD3385EC /* Protobuf.xcconfig */;
			buildSettings = {
				CODE_SIGN_IDENTITY = "";
				"CODE_SIGN_IDENTITY[sdk=appletvos*]" = "";
				"CODE_SIGN_IDENTITY[sdk=iphoneos*]" = "";
				"CODE_SIGN_IDENTITY[sdk=watchos*]" = "";
				CURRENT_PROJECT_VERSION = 1;
				DEBUG_INFORMATION_FORMAT = "dwarf-with-dsym";
				DEFINES_MODULE = YES;
				DYLIB_COMPATIBILITY_VERSION = 1;
				DYLIB_CURRENT_VERSION = 1;
				DYLIB_INSTALL_NAME_BASE = "@rpath";
				ENABLE_STRICT_OBJC_MSGSEND = YES;
				GCC_NO_COMMON_BLOCKS = YES;
				GCC_PREFIX_HEADER = "Target Support Files/Protobuf/Protobuf-prefix.pch";
				INFOPLIST_FILE = "Target Support Files/Protobuf/Info.plist";
				INSTALL_PATH = "$(LOCAL_LIBRARY_DIR)/Frameworks";
				IPHONEOS_DEPLOYMENT_TARGET = 8.0;
				LD_RUNPATH_SEARCH_PATHS = "$(inherited) @executable_path/Frameworks @loader_path/Frameworks";
				MODULEMAP_FILE = "Target Support Files/Protobuf/Protobuf.modulemap";
				MTL_ENABLE_DEBUG_INFO = NO;
				PRODUCT_NAME = Protobuf;
				SDKROOT = iphoneos;
				SKIP_INSTALL = YES;
				SWIFT_VERSION = 3.0;
				TARGETED_DEVICE_FAMILY = "1,2";
				VERSIONING_SYSTEM = "apple-generic";
				VERSION_INFO_PREFIX = "";
			};
			name = Release;
		};
		C4E7583FF273976E47ED4B777A411902 /* Debug */ = {
			isa = XCBuildConfiguration;
			baseConfigurationReference = 6D7AE0D0DB7537D6678538E13EFB6DAF /* Pods-CalminderTests.debug.xcconfig */;
			buildSettings = {
				CODE_SIGN_IDENTITY = "";
				"CODE_SIGN_IDENTITY[sdk=appletvos*]" = "";
				"CODE_SIGN_IDENTITY[sdk=iphoneos*]" = "";
				"CODE_SIGN_IDENTITY[sdk=watchos*]" = "";
				CURRENT_PROJECT_VERSION = 1;
				DEBUG_INFORMATION_FORMAT = dwarf;
				DEFINES_MODULE = YES;
				DYLIB_COMPATIBILITY_VERSION = 1;
				DYLIB_CURRENT_VERSION = 1;
				DYLIB_INSTALL_NAME_BASE = "@rpath";
				ENABLE_STRICT_OBJC_MSGSEND = YES;
				GCC_NO_COMMON_BLOCKS = YES;
				INFOPLIST_FILE = "Target Support Files/Pods-CalminderTests/Info.plist";
				INSTALL_PATH = "$(LOCAL_LIBRARY_DIR)/Frameworks";
				IPHONEOS_DEPLOYMENT_TARGET = 10.2;
				LD_RUNPATH_SEARCH_PATHS = "$(inherited) @executable_path/Frameworks @loader_path/Frameworks";
				MACH_O_TYPE = staticlib;
				MODULEMAP_FILE = "Target Support Files/Pods-CalminderTests/Pods-CalminderTests.modulemap";
				MTL_ENABLE_DEBUG_INFO = YES;
				OTHER_LDFLAGS = "";
				OTHER_LIBTOOLFLAGS = "";
				PODS_ROOT = "$(SRCROOT)";
				PRODUCT_BUNDLE_IDENTIFIER = "org.cocoapods.${PRODUCT_NAME:rfc1034identifier}";
				PRODUCT_NAME = Pods_CalminderTests;
				SDKROOT = iphoneos;
				SKIP_INSTALL = YES;
				TARGETED_DEVICE_FAMILY = "1,2";
				VERSIONING_SYSTEM = "apple-generic";
				VERSION_INFO_PREFIX = "";
			};
			name = Debug;
		};
		CFD3C105942AFD5F2EE9E378F060A50E /* Debug */ = {
			isa = XCBuildConfiguration;
			baseConfigurationReference = F71E94DFF7E8D937D54FC72F3AD82DCB /* Pods-Calminder.debug.xcconfig */;
			buildSettings = {
				CODE_SIGN_IDENTITY = "";
				"CODE_SIGN_IDENTITY[sdk=appletvos*]" = "";
				"CODE_SIGN_IDENTITY[sdk=iphoneos*]" = "";
				"CODE_SIGN_IDENTITY[sdk=watchos*]" = "";
				CURRENT_PROJECT_VERSION = 1;
				DEBUG_INFORMATION_FORMAT = dwarf;
				DEFINES_MODULE = YES;
				DYLIB_COMPATIBILITY_VERSION = 1;
				DYLIB_CURRENT_VERSION = 1;
				DYLIB_INSTALL_NAME_BASE = "@rpath";
				ENABLE_STRICT_OBJC_MSGSEND = YES;
				GCC_NO_COMMON_BLOCKS = YES;
				INFOPLIST_FILE = "Target Support Files/Pods-Calminder/Info.plist";
				INSTALL_PATH = "$(LOCAL_LIBRARY_DIR)/Frameworks";
				IPHONEOS_DEPLOYMENT_TARGET = 10.2;
				LD_RUNPATH_SEARCH_PATHS = "$(inherited) @executable_path/Frameworks @loader_path/Frameworks";
				MACH_O_TYPE = staticlib;
				MODULEMAP_FILE = "Target Support Files/Pods-Calminder/Pods-Calminder.modulemap";
				MTL_ENABLE_DEBUG_INFO = YES;
				OTHER_LDFLAGS = "";
				OTHER_LIBTOOLFLAGS = "";
				PODS_ROOT = "$(SRCROOT)";
				PRODUCT_BUNDLE_IDENTIFIER = "org.cocoapods.${PRODUCT_NAME:rfc1034identifier}";
				PRODUCT_NAME = Pods_Calminder;
				SDKROOT = iphoneos;
				SKIP_INSTALL = YES;
				TARGETED_DEVICE_FAMILY = "1,2";
				VERSIONING_SYSTEM = "apple-generic";
				VERSION_INFO_PREFIX = "";
			};
			name = Debug;
		};
		D5265F8878CF2A55BD0D153F9384536B /* Release */ = {
			isa = XCBuildConfiguration;
			baseConfigurationReference = C16430B954BA1376A0B2FCEA0820ECF5 /* Pods-CalminderTests.release.xcconfig */;
			buildSettings = {
				CODE_SIGN_IDENTITY = "";
				"CODE_SIGN_IDENTITY[sdk=appletvos*]" = "";
				"CODE_SIGN_IDENTITY[sdk=iphoneos*]" = "";
				"CODE_SIGN_IDENTITY[sdk=watchos*]" = "";
				CURRENT_PROJECT_VERSION = 1;
				DEBUG_INFORMATION_FORMAT = "dwarf-with-dsym";
				DEFINES_MODULE = YES;
				DYLIB_COMPATIBILITY_VERSION = 1;
				DYLIB_CURRENT_VERSION = 1;
				DYLIB_INSTALL_NAME_BASE = "@rpath";
				ENABLE_STRICT_OBJC_MSGSEND = YES;
				GCC_NO_COMMON_BLOCKS = YES;
				INFOPLIST_FILE = "Target Support Files/Pods-CalminderTests/Info.plist";
				INSTALL_PATH = "$(LOCAL_LIBRARY_DIR)/Frameworks";
				IPHONEOS_DEPLOYMENT_TARGET = 10.2;
				LD_RUNPATH_SEARCH_PATHS = "$(inherited) @executable_path/Frameworks @loader_path/Frameworks";
				MACH_O_TYPE = staticlib;
				MODULEMAP_FILE = "Target Support Files/Pods-CalminderTests/Pods-CalminderTests.modulemap";
				MTL_ENABLE_DEBUG_INFO = NO;
				OTHER_LDFLAGS = "";
				OTHER_LIBTOOLFLAGS = "";
				PODS_ROOT = "$(SRCROOT)";
				PRODUCT_BUNDLE_IDENTIFIER = "org.cocoapods.${PRODUCT_NAME:rfc1034identifier}";
				PRODUCT_NAME = Pods_CalminderTests;
				SDKROOT = iphoneos;
				SKIP_INSTALL = YES;
				TARGETED_DEVICE_FAMILY = "1,2";
				VERSIONING_SYSTEM = "apple-generic";
				VERSION_INFO_PREFIX = "";
			};
			name = Release;
		};
/* End XCBuildConfiguration section */

/* Begin XCConfigurationList section */
		2D8E8EC45A3A1A1D94AE762CB5028504 /* Build configuration list for PBXProject "Pods" */ = {
			isa = XCConfigurationList;
			buildConfigurations = (
				166E2CAC58E8608AD59A6F0B71C9C3E0 /* Debug */,
				AA0B5BDEB018901CD8F88AAD05F5B893 /* Release */,
			);
			defaultConfigurationIsVisible = 0;
			defaultConfigurationName = Release;
		};
		8A204A2A90D2E90606ECEB50D8D3B514 /* Build configuration list for PBXNativeTarget "Protobuf" */ = {
			isa = XCConfigurationList;
			buildConfigurations = (
				1F0D36A4CF71C120054C51C567322E95 /* Debug */,
				BC4897978F77EBC978C05318C3427AE3 /* Release */,
			);
			defaultConfigurationIsVisible = 0;
			defaultConfigurationName = Release;
		};
		A7DCD5CC93C327FAB5EAF73A7ECA9866 /* Build configuration list for PBXNativeTarget "GoogleToolboxForMac" */ = {
			isa = XCConfigurationList;
			buildConfigurations = (
				4C1ABB561424C9B8C2C88F5A63FAD4C6 /* Debug */,
				6EE6297580FB80A98B4A3C8FF4A07121 /* Release */,
			);
			defaultConfigurationIsVisible = 0;
			defaultConfigurationName = Release;
		};
		AECF39C3185B1515164DD815F2B39263 /* Build configuration list for PBXNativeTarget "Pods-CalminderTests" */ = {
			isa = XCConfigurationList;
			buildConfigurations = (
				C4E7583FF273976E47ED4B777A411902 /* Debug */,
				D5265F8878CF2A55BD0D153F9384536B /* Release */,
			);
			defaultConfigurationIsVisible = 0;
			defaultConfigurationName = Release;
		};
		B561BEF9F6656EDBA4C0D929BB996C60 /* Build configuration list for PBXNativeTarget "Pods-CalminderUITests" */ = {
			isa = XCConfigurationList;
			buildConfigurations = (
				70B12D2B7C8FA1B274706C65F401B573 /* Debug */,
				222F77FD0E039E5214111E2B88716E59 /* Release */,
			);
			defaultConfigurationIsVisible = 0;
			defaultConfigurationName = Release;
		};
		D694D3610897079EE78B28D6D920101A /* Build configuration list for PBXNativeTarget "Pods-Calminder" */ = {
			isa = XCConfigurationList;
			buildConfigurations = (
				CFD3C105942AFD5F2EE9E378F060A50E /* Debug */,
				55217B5254951192337409BBD685A44C /* Release */,
			);
			defaultConfigurationIsVisible = 0;
			defaultConfigurationName = Release;
		};
/* End XCConfigurationList section */
	};
	rootObject = D41D8CD98F00B204E9800998ECF8427E /* Project object */;
}
